// !$*UTF8*$!
{
	archiveVersion = 1;
	classes = {
	};
	objectVersion = 56;
	objects = {

/* Begin PBXBuildFile section */
		470440412B2A6B1E00DF853A /* PrivateCardsDetailsView.swift in Sources */ = {isa = PBXBuildFile; fileRef = 470440402B2A6B1E00DF853A /* PrivateCardsDetailsView.swift */; };
		470440432B2A6FFA00DF853A /* RankRateView.swift in Sources */ = {isa = PBXBuildFile; fileRef = 470440422B2A6FFA00DF853A /* RankRateView.swift */; };
		470440452B2A72E100DF853A /* PublicCardsView.swift in Sources */ = {isa = PBXBuildFile; fileRef = 470440442B2A72E100DF853A /* PublicCardsView.swift */; };
		470440472B2A819800DF853A /* PublicCardsDetailsView.swift in Sources */ = {isa = PBXBuildFile; fileRef = 470440462B2A819800DF853A /* PublicCardsDetailsView.swift */; };
		470440492B2A828200DF853A /* PublicCardsViewModel.swift in Sources */ = {isa = PBXBuildFile; fileRef = 470440482B2A828200DF853A /* PublicCardsViewModel.swift */; };
		4704404B2B2A82A800DF853A /* ListCard.swift in Sources */ = {isa = PBXBuildFile; fileRef = 4704404A2B2A82A800DF853A /* ListCard.swift */; };
		4704404D2B2A82B800DF853A /* Card.swift in Sources */ = {isa = PBXBuildFile; fileRef = 4704404C2B2A82B800DF853A /* Card.swift */; };
		4704404F2B2A82F200DF853A /* PublicCardsDetailsViewModel.swift in Sources */ = {isa = PBXBuildFile; fileRef = 4704404E2B2A82F200DF853A /* PublicCardsDetailsViewModel.swift */; };
		470440512B2A831500DF853A /* PrivateCardsDetailsViewModel.swift in Sources */ = {isa = PBXBuildFile; fileRef = 470440502B2A831500DF853A /* PrivateCardsDetailsViewModel.swift */; };
		4704405B2B2AB17600DF853A /* Rank.swift in Sources */ = {isa = PBXBuildFile; fileRef = 4704405A2B2AB17600DF853A /* Rank.swift */; };
		470806952B290820006F37E2 /* FlushApp.swift in Sources */ = {isa = PBXBuildFile; fileRef = 470806942B290820006F37E2 /* FlushApp.swift */; };
		470806972B290820006F37E2 /* ContentView.swift in Sources */ = {isa = PBXBuildFile; fileRef = 470806962B290820006F37E2 /* ContentView.swift */; };
		470806992B290821006F37E2 /* Assets.xcassets in Resources */ = {isa = PBXBuildFile; fileRef = 470806982B290821006F37E2 /* Assets.xcassets */; };
		4708069C2B290821006F37E2 /* Preview Assets.xcassets in Resources */ = {isa = PBXBuildFile; fileRef = 4708069B2B290821006F37E2 /* Preview Assets.xcassets */; };
		470806A62B290821006F37E2 /* FlushTests.swift in Sources */ = {isa = PBXBuildFile; fileRef = 470806A52B290821006F37E2 /* FlushTests.swift */; };
		470806B02B290821006F37E2 /* FlushUITests.swift in Sources */ = {isa = PBXBuildFile; fileRef = 470806AF2B290821006F37E2 /* FlushUITests.swift */; };
		470806B22B290821006F37E2 /* FlushUITestsLaunchTests.swift in Sources */ = {isa = PBXBuildFile; fileRef = 470806B12B290821006F37E2 /* FlushUITestsLaunchTests.swift */; };
		470806C62B290944006F37E2 /* FlushWatchApp.swift in Sources */ = {isa = PBXBuildFile; fileRef = 470806C52B290944006F37E2 /* FlushWatchApp.swift */; };
		470806C82B290944006F37E2 /* PrivateCardsView.swift in Sources */ = {isa = PBXBuildFile; fileRef = 470806C72B290944006F37E2 /* PrivateCardsView.swift */; };
		470806CA2B290945006F37E2 /* Assets.xcassets in Resources */ = {isa = PBXBuildFile; fileRef = 470806C92B290945006F37E2 /* Assets.xcassets */; };
		470806CD2B290945006F37E2 /* Preview Assets.xcassets in Resources */ = {isa = PBXBuildFile; fileRef = 470806CC2B290945006F37E2 /* Preview Assets.xcassets */; };
		470806D72B290945006F37E2 /* FlushWatch_Watch_AppTests.swift in Sources */ = {isa = PBXBuildFile; fileRef = 470806D62B290945006F37E2 /* FlushWatch_Watch_AppTests.swift */; };
		470806E12B290945006F37E2 /* FlushWatch_Watch_AppUITests.swift in Sources */ = {isa = PBXBuildFile; fileRef = 470806E02B290945006F37E2 /* FlushWatch_Watch_AppUITests.swift */; };
		470806E32B290945006F37E2 /* FlushWatch_Watch_AppUITestsLaunchTests.swift in Sources */ = {isa = PBXBuildFile; fileRef = 470806E22B290945006F37E2 /* FlushWatch_Watch_AppUITestsLaunchTests.swift */; };
		470806E62B290945006F37E2 /* FlushWatch Watch App.app in Embed Watch Content */ = {isa = PBXBuildFile; fileRef = 470806C32B290944006F37E2 /* FlushWatch Watch App.app */; settings = {ATTRIBUTES = (RemoveHeadersOnCopy, ); }; };
		475D33162B2BBB5700EAC209 /* RankChecker.swift in Sources */ = {isa = PBXBuildFile; fileRef = 475D33152B2BBB5700EAC209 /* RankChecker.swift */; };
		475D33192B2BBB9600EAC209 /* RankManager.swift in Sources */ = {isa = PBXBuildFile; fileRef = 475D33182B2BBB9600EAC209 /* RankManager.swift */; };
		477F73772B298C020055DFF8 /* PrivateCardsViewModel.swift in Sources */ = {isa = PBXBuildFile; fileRef = 477F73762B298C020055DFF8 /* PrivateCardsViewModel.swift */; };
		47A0FCC02B2927F500F00760 /* CardView.swift in Sources */ = {isa = PBXBuildFile; fileRef = 47A0FCBF2B2927F500F00760 /* CardView.swift */; };
		47A0FCC22B29351700F00760 /* PlaceholderView.swift in Sources */ = {isa = PBXBuildFile; fileRef = 47A0FCC12B29351700F00760 /* PlaceholderView.swift */; };
/* End PBXBuildFile section */

/* Begin PBXContainerItemProxy section */
		470806A22B290821006F37E2 /* PBXContainerItemProxy */ = {
			isa = PBXContainerItemProxy;
			containerPortal = 470806892B290820006F37E2 /* Project object */;
			proxyType = 1;
			remoteGlobalIDString = 470806902B290820006F37E2;
			remoteInfo = Flush;
		};
		470806AC2B290821006F37E2 /* PBXContainerItemProxy */ = {
			isa = PBXContainerItemProxy;
			containerPortal = 470806892B290820006F37E2 /* Project object */;
			proxyType = 1;
			remoteGlobalIDString = 470806902B290820006F37E2;
			remoteInfo = Flush;
		};
		470806D32B290945006F37E2 /* PBXContainerItemProxy */ = {
			isa = PBXContainerItemProxy;
			containerPortal = 470806892B290820006F37E2 /* Project object */;
			proxyType = 1;
			remoteGlobalIDString = 470806C22B290944006F37E2;
			remoteInfo = "FlushWatch Watch App";
		};
		470806DD2B290945006F37E2 /* PBXContainerItemProxy */ = {
			isa = PBXContainerItemProxy;
			containerPortal = 470806892B290820006F37E2 /* Project object */;
			proxyType = 1;
			remoteGlobalIDString = 470806C22B290944006F37E2;
			remoteInfo = "FlushWatch Watch App";
		};
		470806E42B290945006F37E2 /* PBXContainerItemProxy */ = {
			isa = PBXContainerItemProxy;
			containerPortal = 470806892B290820006F37E2 /* Project object */;
			proxyType = 1;
			remoteGlobalIDString = 470806C22B290944006F37E2;
			remoteInfo = "FlushWatch Watch App";
		};
/* End PBXContainerItemProxy section */

/* Begin PBXCopyFilesBuildPhase section */
		470806EA2B290945006F37E2 /* Embed Watch Content */ = {
			isa = PBXCopyFilesBuildPhase;
			buildActionMask = 2147483647;
			dstPath = "$(CONTENTS_FOLDER_PATH)/Watch";
			dstSubfolderSpec = 16;
			files = (
				470806E62B290945006F37E2 /* FlushWatch Watch App.app in Embed Watch Content */,
			);
			name = "Embed Watch Content";
			runOnlyForDeploymentPostprocessing = 0;
		};
/* End PBXCopyFilesBuildPhase section */

/* Begin PBXFileReference section */
		470440402B2A6B1E00DF853A /* PrivateCardsDetailsView.swift */ = {isa = PBXFileReference; lastKnownFileType = sourcecode.swift; path = PrivateCardsDetailsView.swift; sourceTree = "<group>"; };
		470440422B2A6FFA00DF853A /* RankRateView.swift */ = {isa = PBXFileReference; lastKnownFileType = sourcecode.swift; path = RankRateView.swift; sourceTree = "<group>"; };
		470440442B2A72E100DF853A /* PublicCardsView.swift */ = {isa = PBXFileReference; lastKnownFileType = sourcecode.swift; path = PublicCardsView.swift; sourceTree = "<group>"; };
		470440462B2A819800DF853A /* PublicCardsDetailsView.swift */ = {isa = PBXFileReference; lastKnownFileType = sourcecode.swift; path = PublicCardsDetailsView.swift; sourceTree = "<group>"; };
		470440482B2A828200DF853A /* PublicCardsViewModel.swift */ = {isa = PBXFileReference; lastKnownFileType = sourcecode.swift; path = PublicCardsViewModel.swift; sourceTree = "<group>"; };
		4704404A2B2A82A800DF853A /* ListCard.swift */ = {isa = PBXFileReference; lastKnownFileType = sourcecode.swift; path = ListCard.swift; sourceTree = "<group>"; };
		4704404C2B2A82B800DF853A /* Card.swift */ = {isa = PBXFileReference; lastKnownFileType = sourcecode.swift; path = Card.swift; sourceTree = "<group>"; };
		4704404E2B2A82F200DF853A /* PublicCardsDetailsViewModel.swift */ = {isa = PBXFileReference; lastKnownFileType = sourcecode.swift; path = PublicCardsDetailsViewModel.swift; sourceTree = "<group>"; };
		470440502B2A831500DF853A /* PrivateCardsDetailsViewModel.swift */ = {isa = PBXFileReference; lastKnownFileType = sourcecode.swift; path = PrivateCardsDetailsViewModel.swift; sourceTree = "<group>"; };
		4704405A2B2AB17600DF853A /* Rank.swift */ = {isa = PBXFileReference; lastKnownFileType = sourcecode.swift; path = Rank.swift; sourceTree = "<group>"; };
		470806912B290820006F37E2 /* Flush.app */ = {isa = PBXFileReference; explicitFileType = wrapper.application; includeInIndex = 0; path = Flush.app; sourceTree = BUILT_PRODUCTS_DIR; };
		470806942B290820006F37E2 /* FlushApp.swift */ = {isa = PBXFileReference; lastKnownFileType = sourcecode.swift; path = FlushApp.swift; sourceTree = "<group>"; };
		470806962B290820006F37E2 /* ContentView.swift */ = {isa = PBXFileReference; lastKnownFileType = sourcecode.swift; path = ContentView.swift; sourceTree = "<group>"; };
		470806982B290821006F37E2 /* Assets.xcassets */ = {isa = PBXFileReference; lastKnownFileType = folder.assetcatalog; path = Assets.xcassets; sourceTree = "<group>"; };
		4708069B2B290821006F37E2 /* Preview Assets.xcassets */ = {isa = PBXFileReference; lastKnownFileType = folder.assetcatalog; path = "Preview Assets.xcassets"; sourceTree = "<group>"; };
		470806A12B290821006F37E2 /* FlushTests.xctest */ = {isa = PBXFileReference; explicitFileType = wrapper.cfbundle; includeInIndex = 0; path = FlushTests.xctest; sourceTree = BUILT_PRODUCTS_DIR; };
		470806A52B290821006F37E2 /* FlushTests.swift */ = {isa = PBXFileReference; lastKnownFileType = sourcecode.swift; path = FlushTests.swift; sourceTree = "<group>"; };
		470806AB2B290821006F37E2 /* FlushUITests.xctest */ = {isa = PBXFileReference; explicitFileType = wrapper.cfbundle; includeInIndex = 0; path = FlushUITests.xctest; sourceTree = BUILT_PRODUCTS_DIR; };
		470806AF2B290821006F37E2 /* FlushUITests.swift */ = {isa = PBXFileReference; lastKnownFileType = sourcecode.swift; path = FlushUITests.swift; sourceTree = "<group>"; };
		470806B12B290821006F37E2 /* FlushUITestsLaunchTests.swift */ = {isa = PBXFileReference; lastKnownFileType = sourcecode.swift; path = FlushUITestsLaunchTests.swift; sourceTree = "<group>"; };
		470806C32B290944006F37E2 /* FlushWatch Watch App.app */ = {isa = PBXFileReference; explicitFileType = wrapper.application; includeInIndex = 0; path = "FlushWatch Watch App.app"; sourceTree = BUILT_PRODUCTS_DIR; };
		470806C52B290944006F37E2 /* FlushWatchApp.swift */ = {isa = PBXFileReference; lastKnownFileType = sourcecode.swift; path = FlushWatchApp.swift; sourceTree = "<group>"; };
		470806C72B290944006F37E2 /* PrivateCardsView.swift */ = {isa = PBXFileReference; lastKnownFileType = sourcecode.swift; path = PrivateCardsView.swift; sourceTree = "<group>"; };
		470806C92B290945006F37E2 /* Assets.xcassets */ = {isa = PBXFileReference; lastKnownFileType = folder.assetcatalog; path = Assets.xcassets; sourceTree = "<group>"; };
		470806CC2B290945006F37E2 /* Preview Assets.xcassets */ = {isa = PBXFileReference; lastKnownFileType = folder.assetcatalog; path = "Preview Assets.xcassets"; sourceTree = "<group>"; };
		470806D22B290945006F37E2 /* FlushWatch Watch AppTests.xctest */ = {isa = PBXFileReference; explicitFileType = wrapper.cfbundle; includeInIndex = 0; path = "FlushWatch Watch AppTests.xctest"; sourceTree = BUILT_PRODUCTS_DIR; };
		470806D62B290945006F37E2 /* FlushWatch_Watch_AppTests.swift */ = {isa = PBXFileReference; lastKnownFileType = sourcecode.swift; path = FlushWatch_Watch_AppTests.swift; sourceTree = "<group>"; };
		470806DC2B290945006F37E2 /* FlushWatch Watch AppUITests.xctest */ = {isa = PBXFileReference; explicitFileType = wrapper.cfbundle; includeInIndex = 0; path = "FlushWatch Watch AppUITests.xctest"; sourceTree = BUILT_PRODUCTS_DIR; };
		470806E02B290945006F37E2 /* FlushWatch_Watch_AppUITests.swift */ = {isa = PBXFileReference; lastKnownFileType = sourcecode.swift; path = FlushWatch_Watch_AppUITests.swift; sourceTree = "<group>"; };
		470806E22B290945006F37E2 /* FlushWatch_Watch_AppUITestsLaunchTests.swift */ = {isa = PBXFileReference; lastKnownFileType = sourcecode.swift; path = FlushWatch_Watch_AppUITestsLaunchTests.swift; sourceTree = "<group>"; };
		475D33152B2BBB5700EAC209 /* RankChecker.swift */ = {isa = PBXFileReference; lastKnownFileType = sourcecode.swift; path = RankChecker.swift; sourceTree = "<group>"; };
		475D33182B2BBB9600EAC209 /* RankManager.swift */ = {isa = PBXFileReference; fileEncoding = 4; lastKnownFileType = sourcecode.swift; path = RankManager.swift; sourceTree = "<group>"; };
		477F73762B298C020055DFF8 /* PrivateCardsViewModel.swift */ = {isa = PBXFileReference; lastKnownFileType = sourcecode.swift; path = PrivateCardsViewModel.swift; sourceTree = "<group>"; };
		47A0FCBF2B2927F500F00760 /* CardView.swift */ = {isa = PBXFileReference; lastKnownFileType = sourcecode.swift; path = CardView.swift; sourceTree = "<group>"; };
		47A0FCC12B29351700F00760 /* PlaceholderView.swift */ = {isa = PBXFileReference; lastKnownFileType = sourcecode.swift; path = PlaceholderView.swift; sourceTree = "<group>"; };
/* End PBXFileReference section */

/* Begin PBXFrameworksBuildPhase section */
		4708068E2B290820006F37E2 /* Frameworks */ = {
			isa = PBXFrameworksBuildPhase;
			buildActionMask = 2147483647;
			files = (
			);
			runOnlyForDeploymentPostprocessing = 0;
		};
		4708069E2B290821006F37E2 /* Frameworks */ = {
			isa = PBXFrameworksBuildPhase;
			buildActionMask = 2147483647;
			files = (
			);
			runOnlyForDeploymentPostprocessing = 0;
		};
		470806A82B290821006F37E2 /* Frameworks */ = {
			isa = PBXFrameworksBuildPhase;
			buildActionMask = 2147483647;
			files = (
			);
			runOnlyForDeploymentPostprocessing = 0;
		};
		470806C02B290944006F37E2 /* Frameworks */ = {
			isa = PBXFrameworksBuildPhase;
			buildActionMask = 2147483647;
			files = (
			);
			runOnlyForDeploymentPostprocessing = 0;
		};
		470806CF2B290945006F37E2 /* Frameworks */ = {
			isa = PBXFrameworksBuildPhase;
			buildActionMask = 2147483647;
			files = (
			);
			runOnlyForDeploymentPostprocessing = 0;
		};
		470806D92B290945006F37E2 /* Frameworks */ = {
			isa = PBXFrameworksBuildPhase;
			buildActionMask = 2147483647;
			files = (
			);
			runOnlyForDeploymentPostprocessing = 0;
		};
/* End PBXFrameworksBuildPhase section */

/* Begin PBXGroup section */
		470440522B2A833500DF853A /* PublicCards */ = {
			isa = PBXGroup;
			children = (
				470440442B2A72E100DF853A /* PublicCardsView.swift */,
				470440482B2A828200DF853A /* PublicCardsViewModel.swift */,
			);
			path = PublicCards;
			sourceTree = "<group>";
		};
		470440532B2A834E00DF853A /* PrivateCards */ = {
			isa = PBXGroup;
			children = (
				477F73762B298C020055DFF8 /* PrivateCardsViewModel.swift */,
				470806C72B290944006F37E2 /* PrivateCardsView.swift */,
			);
			path = PrivateCards;
			sourceTree = "<group>";
		};
		470440542B2A835C00DF853A /* PrivateCardsDetails */ = {
			isa = PBXGroup;
			children = (
				470440402B2A6B1E00DF853A /* PrivateCardsDetailsView.swift */,
				470440502B2A831500DF853A /* PrivateCardsDetailsViewModel.swift */,
			);
			path = PrivateCardsDetails;
			sourceTree = "<group>";
		};
		470440552B2A836800DF853A /* PublicCardsDetails */ = {
			isa = PBXGroup;
			children = (
				470440462B2A819800DF853A /* PublicCardsDetailsView.swift */,
				4704404E2B2A82F200DF853A /* PublicCardsDetailsViewModel.swift */,
			);
			path = PublicCardsDetails;
			sourceTree = "<group>";
		};
		470440562B2A837800DF853A /* View */ = {
			isa = PBXGroup;
			children = (
				47A0FCC12B29351700F00760 /* PlaceholderView.swift */,
				47A0FCBF2B2927F500F00760 /* CardView.swift */,
				470440422B2A6FFA00DF853A /* RankRateView.swift */,
			);
			path = View;
			sourceTree = "<group>";
		};
		470440572B2A838600DF853A /* Model */ = {
			isa = PBXGroup;
			children = (
				4704404A2B2A82A800DF853A /* ListCard.swift */,
				4704404C2B2A82B800DF853A /* Card.swift */,
				4704405A2B2AB17600DF853A /* Rank.swift */,
			);
			path = Model;
			sourceTree = "<group>";
		};
		470806882B290820006F37E2 = {
			isa = PBXGroup;
			children = (
				470806932B290820006F37E2 /* Flush */,
				470806A42B290821006F37E2 /* FlushTests */,
				470806AE2B290821006F37E2 /* FlushUITests */,
				470806C42B290944006F37E2 /* FlushWatch Watch App */,
				470806D52B290945006F37E2 /* FlushWatch Watch AppTests */,
				470806DF2B290945006F37E2 /* FlushWatch Watch AppUITests */,
				470806922B290820006F37E2 /* Products */,
			);
			sourceTree = "<group>";
		};
		470806922B290820006F37E2 /* Products */ = {
			isa = PBXGroup;
			children = (
				470806912B290820006F37E2 /* Flush.app */,
				470806A12B290821006F37E2 /* FlushTests.xctest */,
				470806AB2B290821006F37E2 /* FlushUITests.xctest */,
				470806C32B290944006F37E2 /* FlushWatch Watch App.app */,
				470806D22B290945006F37E2 /* FlushWatch Watch AppTests.xctest */,
				470806DC2B290945006F37E2 /* FlushWatch Watch AppUITests.xctest */,
			);
			name = Products;
			sourceTree = "<group>";
		};
		470806932B290820006F37E2 /* Flush */ = {
			isa = PBXGroup;
			children = (
				470806942B290820006F37E2 /* FlushApp.swift */,
				470806962B290820006F37E2 /* ContentView.swift */,
				470806BE2B290841006F37E2 /* New Group */,
				470806982B290821006F37E2 /* Assets.xcassets */,
				4708069A2B290821006F37E2 /* Preview Content */,
			);
			path = Flush;
			sourceTree = "<group>";
		};
		4708069A2B290821006F37E2 /* Preview Content */ = {
			isa = PBXGroup;
			children = (
				4708069B2B290821006F37E2 /* Preview Assets.xcassets */,
			);
			path = "Preview Content";
			sourceTree = "<group>";
		};
		470806A42B290821006F37E2 /* FlushTests */ = {
			isa = PBXGroup;
			children = (
				470806A52B290821006F37E2 /* FlushTests.swift */,
			);
			path = FlushTests;
			sourceTree = "<group>";
		};
		470806AE2B290821006F37E2 /* FlushUITests */ = {
			isa = PBXGroup;
			children = (
				470806AF2B290821006F37E2 /* FlushUITests.swift */,
				470806B12B290821006F37E2 /* FlushUITestsLaunchTests.swift */,
			);
			path = FlushUITests;
			sourceTree = "<group>";
		};
		470806BE2B290841006F37E2 /* New Group */ = {
			isa = PBXGroup;
			children = (
			);
			path = "New Group";
			sourceTree = "<group>";
		};
		470806C42B290944006F37E2 /* FlushWatch Watch App */ = {
			isa = PBXGroup;
			children = (
				470806C52B290944006F37E2 /* FlushWatchApp.swift */,
				475D33172B2BBB6600EAC209 /* RankRate */,
				470440532B2A834E00DF853A /* PrivateCards */,
				470440542B2A835C00DF853A /* PrivateCardsDetails */,
				470440522B2A833500DF853A /* PublicCards */,
				470440552B2A836800DF853A /* PublicCardsDetails */,
				470440562B2A837800DF853A /* View */,
				470440572B2A838600DF853A /* Model */,
				470806C92B290945006F37E2 /* Assets.xcassets */,
				470806CB2B290945006F37E2 /* Preview Content */,
			);
			path = "FlushWatch Watch App";
			sourceTree = "<group>";
		};
		470806CB2B290945006F37E2 /* Preview Content */ = {
			isa = PBXGroup;
			children = (
				470806CC2B290945006F37E2 /* Preview Assets.xcassets */,
			);
			path = "Preview Content";
			sourceTree = "<group>";
		};
		470806D52B290945006F37E2 /* FlushWatch Watch AppTests */ = {
			isa = PBXGroup;
			children = (
				470806D62B290945006F37E2 /* FlushWatch_Watch_AppTests.swift */,
			);
			path = "FlushWatch Watch AppTests";
			sourceTree = "<group>";
		};
		470806DF2B290945006F37E2 /* FlushWatch Watch AppUITests */ = {
			isa = PBXGroup;
			children = (
				470806E02B290945006F37E2 /* FlushWatch_Watch_AppUITests.swift */,
				470806E22B290945006F37E2 /* FlushWatch_Watch_AppUITestsLaunchTests.swift */,
			);
			path = "FlushWatch Watch AppUITests";
			sourceTree = "<group>";
		};
		475D33172B2BBB6600EAC209 /* RankRate */ = {
			isa = PBXGroup;
			children = (
				475D33182B2BBB9600EAC209 /* RankManager.swift */,
				475D33152B2BBB5700EAC209 /* RankChecker.swift */,
			);
			path = RankRate;
			sourceTree = "<group>";
		};
/* End PBXGroup section */

/* Begin PBXNativeTarget section */
		470806902B290820006F37E2 /* Flush */ = {
			isa = PBXNativeTarget;
			buildConfigurationList = 470806B52B290821006F37E2 /* Build configuration list for PBXNativeTarget "Flush" */;
			buildPhases = (
				4708068D2B290820006F37E2 /* Sources */,
				4708068E2B290820006F37E2 /* Frameworks */,
				4708068F2B290820006F37E2 /* Resources */,
				470806EA2B290945006F37E2 /* Embed Watch Content */,
			);
			buildRules = (
			);
			dependencies = (
				470806E52B290945006F37E2 /* PBXTargetDependency */,
			);
			name = Flush;
			productName = Flush;
			productReference = 470806912B290820006F37E2 /* Flush.app */;
			productType = "com.apple.product-type.application";
		};
		470806A02B290821006F37E2 /* FlushTests */ = {
			isa = PBXNativeTarget;
			buildConfigurationList = 470806B82B290821006F37E2 /* Build configuration list for PBXNativeTarget "FlushTests" */;
			buildPhases = (
				4708069D2B290821006F37E2 /* Sources */,
				4708069E2B290821006F37E2 /* Frameworks */,
				4708069F2B290821006F37E2 /* Resources */,
			);
			buildRules = (
			);
			dependencies = (
				470806A32B290821006F37E2 /* PBXTargetDependency */,
			);
			name = FlushTests;
			productName = FlushTests;
			productReference = 470806A12B290821006F37E2 /* FlushTests.xctest */;
			productType = "com.apple.product-type.bundle.unit-test";
		};
		470806AA2B290821006F37E2 /* FlushUITests */ = {
			isa = PBXNativeTarget;
			buildConfigurationList = 470806BB2B290821006F37E2 /* Build configuration list for PBXNativeTarget "FlushUITests" */;
			buildPhases = (
				470806A72B290821006F37E2 /* Sources */,
				470806A82B290821006F37E2 /* Frameworks */,
				470806A92B290821006F37E2 /* Resources */,
			);
			buildRules = (
			);
			dependencies = (
				470806AD2B290821006F37E2 /* PBXTargetDependency */,
			);
			name = FlushUITests;
			productName = FlushUITests;
			productReference = 470806AB2B290821006F37E2 /* FlushUITests.xctest */;
			productType = "com.apple.product-type.bundle.ui-testing";
		};
		470806C22B290944006F37E2 /* FlushWatch Watch App */ = {
			isa = PBXNativeTarget;
			buildConfigurationList = 470806E72B290945006F37E2 /* Build configuration list for PBXNativeTarget "FlushWatch Watch App" */;
			buildPhases = (
				470806BF2B290944006F37E2 /* Sources */,
				470806C02B290944006F37E2 /* Frameworks */,
				470806C12B290944006F37E2 /* Resources */,
			);
			buildRules = (
			);
			dependencies = (
			);
			name = "FlushWatch Watch App";
			packageProductDependencies = (
			);
			productName = "FlushWatch Watch App";
			productReference = 470806C32B290944006F37E2 /* FlushWatch Watch App.app */;
			productType = "com.apple.product-type.application";
		};
		470806D12B290945006F37E2 /* FlushWatch Watch AppTests */ = {
			isa = PBXNativeTarget;
			buildConfigurationList = 470806EB2B290945006F37E2 /* Build configuration list for PBXNativeTarget "FlushWatch Watch AppTests" */;
			buildPhases = (
				470806CE2B290945006F37E2 /* Sources */,
				470806CF2B290945006F37E2 /* Frameworks */,
				470806D02B290945006F37E2 /* Resources */,
			);
			buildRules = (
			);
			dependencies = (
				470806D42B290945006F37E2 /* PBXTargetDependency */,
			);
			name = "FlushWatch Watch AppTests";
			productName = "FlushWatch Watch AppTests";
			productReference = 470806D22B290945006F37E2 /* FlushWatch Watch AppTests.xctest */;
			productType = "com.apple.product-type.bundle.unit-test";
		};
		470806DB2B290945006F37E2 /* FlushWatch Watch AppUITests */ = {
			isa = PBXNativeTarget;
			buildConfigurationList = 470806EE2B290945006F37E2 /* Build configuration list for PBXNativeTarget "FlushWatch Watch AppUITests" */;
			buildPhases = (
				470806D82B290945006F37E2 /* Sources */,
				470806D92B290945006F37E2 /* Frameworks */,
				470806DA2B290945006F37E2 /* Resources */,
			);
			buildRules = (
			);
			dependencies = (
				470806DE2B290945006F37E2 /* PBXTargetDependency */,
			);
			name = "FlushWatch Watch AppUITests";
			productName = "FlushWatch Watch AppUITests";
			productReference = 470806DC2B290945006F37E2 /* FlushWatch Watch AppUITests.xctest */;
			productType = "com.apple.product-type.bundle.ui-testing";
		};
/* End PBXNativeTarget section */

/* Begin PBXProject section */
		470806892B290820006F37E2 /* Project object */ = {
			isa = PBXProject;
			attributes = {
				BuildIndependentTargetsInParallel = 1;
				LastSwiftUpdateCheck = 1500;
				LastUpgradeCheck = 1500;
				TargetAttributes = {
					470806902B290820006F37E2 = {
						CreatedOnToolsVersion = 15.0.1;
					};
					470806A02B290821006F37E2 = {
						CreatedOnToolsVersion = 15.0.1;
						TestTargetID = 470806902B290820006F37E2;
					};
					470806AA2B290821006F37E2 = {
						CreatedOnToolsVersion = 15.0.1;
						TestTargetID = 470806902B290820006F37E2;
					};
					470806C22B290944006F37E2 = {
						CreatedOnToolsVersion = 15.0.1;
					};
					470806D12B290945006F37E2 = {
						CreatedOnToolsVersion = 15.0.1;
						TestTargetID = 470806C22B290944006F37E2;
					};
					470806DB2B290945006F37E2 = {
						CreatedOnToolsVersion = 15.0.1;
						TestTargetID = 470806C22B290944006F37E2;
					};
				};
			};
			buildConfigurationList = 4708068C2B290820006F37E2 /* Build configuration list for PBXProject "Flush" */;
			compatibilityVersion = "Xcode 14.0";
			developmentRegion = en;
			hasScannedForEncodings = 0;
			knownRegions = (
				en,
				Base,
			);
			mainGroup = 470806882B290820006F37E2;
			packageReferences = (
			);
			productRefGroup = 470806922B290820006F37E2 /* Products */;
			projectDirPath = "";
			projectRoot = "";
			targets = (
				470806902B290820006F37E2 /* Flush */,
				470806A02B290821006F37E2 /* FlushTests */,
				470806AA2B290821006F37E2 /* FlushUITests */,
				470806C22B290944006F37E2 /* FlushWatch Watch App */,
				470806D12B290945006F37E2 /* FlushWatch Watch AppTests */,
				470806DB2B290945006F37E2 /* FlushWatch Watch AppUITests */,
			);
		};
/* End PBXProject section */

/* Begin PBXResourcesBuildPhase section */
		4708068F2B290820006F37E2 /* Resources */ = {
			isa = PBXResourcesBuildPhase;
			buildActionMask = 2147483647;
			files = (
				4708069C2B290821006F37E2 /* Preview Assets.xcassets in Resources */,
				470806992B290821006F37E2 /* Assets.xcassets in Resources */,
			);
			runOnlyForDeploymentPostprocessing = 0;
		};
		4708069F2B290821006F37E2 /* Resources */ = {
			isa = PBXResourcesBuildPhase;
			buildActionMask = 2147483647;
			files = (
			);
			runOnlyForDeploymentPostprocessing = 0;
		};
		470806A92B290821006F37E2 /* Resources */ = {
			isa = PBXResourcesBuildPhase;
			buildActionMask = 2147483647;
			files = (
			);
			runOnlyForDeploymentPostprocessing = 0;
		};
		470806C12B290944006F37E2 /* Resources */ = {
			isa = PBXResourcesBuildPhase;
			buildActionMask = 2147483647;
			files = (
				470806CD2B290945006F37E2 /* Preview Assets.xcassets in Resources */,
				470806CA2B290945006F37E2 /* Assets.xcassets in Resources */,
			);
			runOnlyForDeploymentPostprocessing = 0;
		};
		470806D02B290945006F37E2 /* Resources */ = {
			isa = PBXResourcesBuildPhase;
			buildActionMask = 2147483647;
			files = (
			);
			runOnlyForDeploymentPostprocessing = 0;
		};
		470806DA2B290945006F37E2 /* Resources */ = {
			isa = PBXResourcesBuildPhase;
			buildActionMask = 2147483647;
			files = (
			);
			runOnlyForDeploymentPostprocessing = 0;
		};
/* End PBXResourcesBuildPhase section */

/* Begin PBXSourcesBuildPhase section */
		4708068D2B290820006F37E2 /* Sources */ = {
			isa = PBXSourcesBuildPhase;
			buildActionMask = 2147483647;
			files = (
				470806972B290820006F37E2 /* ContentView.swift in Sources */,
				470806952B290820006F37E2 /* FlushApp.swift in Sources */,
			);
			runOnlyForDeploymentPostprocessing = 0;
		};
		4708069D2B290821006F37E2 /* Sources */ = {
			isa = PBXSourcesBuildPhase;
			buildActionMask = 2147483647;
			files = (
				470806A62B290821006F37E2 /* FlushTests.swift in Sources */,
			);
			runOnlyForDeploymentPostprocessing = 0;
		};
		470806A72B290821006F37E2 /* Sources */ = {
			isa = PBXSourcesBuildPhase;
			buildActionMask = 2147483647;
			files = (
				470806B02B290821006F37E2 /* FlushUITests.swift in Sources */,
				470806B22B290821006F37E2 /* FlushUITestsLaunchTests.swift in Sources */,
			);
			runOnlyForDeploymentPostprocessing = 0;
		};
		470806BF2B290944006F37E2 /* Sources */ = {
			isa = PBXSourcesBuildPhase;
			buildActionMask = 2147483647;
			files = (
				470440472B2A819800DF853A /* PublicCardsDetailsView.swift in Sources */,
				4704405B2B2AB17600DF853A /* Rank.swift in Sources */,
				470806C82B290944006F37E2 /* PrivateCardsView.swift in Sources */,
				4704404B2B2A82A800DF853A /* ListCard.swift in Sources */,
				477F73772B298C020055DFF8 /* PrivateCardsViewModel.swift in Sources */,
				470440492B2A828200DF853A /* PublicCardsViewModel.swift in Sources */,
				47A0FCC02B2927F500F00760 /* CardView.swift in Sources */,
				470440412B2A6B1E00DF853A /* PrivateCardsDetailsView.swift in Sources */,
				4704404D2B2A82B800DF853A /* Card.swift in Sources */,
				47A0FCC22B29351700F00760 /* PlaceholderView.swift in Sources */,
				470440512B2A831500DF853A /* PrivateCardsDetailsViewModel.swift in Sources */,
				470440432B2A6FFA00DF853A /* RankRateView.swift in Sources */,
				475D33192B2BBB9600EAC209 /* RankManager.swift in Sources */,
				4704404F2B2A82F200DF853A /* PublicCardsDetailsViewModel.swift in Sources */,
				475D33162B2BBB5700EAC209 /* RankChecker.swift in Sources */,
				470806C62B290944006F37E2 /* FlushWatchApp.swift in Sources */,
				470440452B2A72E100DF853A /* PublicCardsView.swift in Sources */,
			);
			runOnlyForDeploymentPostprocessing = 0;
		};
		470806CE2B290945006F37E2 /* Sources */ = {
			isa = PBXSourcesBuildPhase;
			buildActionMask = 2147483647;
			files = (
				470806D72B290945006F37E2 /* FlushWatch_Watch_AppTests.swift in Sources */,
			);
			runOnlyForDeploymentPostprocessing = 0;
		};
		470806D82B290945006F37E2 /* Sources */ = {
			isa = PBXSourcesBuildPhase;
			buildActionMask = 2147483647;
			files = (
				470806E12B290945006F37E2 /* FlushWatch_Watch_AppUITests.swift in Sources */,
				470806E32B290945006F37E2 /* FlushWatch_Watch_AppUITestsLaunchTests.swift in Sources */,
			);
			runOnlyForDeploymentPostprocessing = 0;
		};
/* End PBXSourcesBuildPhase section */

/* Begin PBXTargetDependency section */
		470806A32B290821006F37E2 /* PBXTargetDependency */ = {
			isa = PBXTargetDependency;
			target = 470806902B290820006F37E2 /* Flush */;
			targetProxy = 470806A22B290821006F37E2 /* PBXContainerItemProxy */;
		};
		470806AD2B290821006F37E2 /* PBXTargetDependency */ = {
			isa = PBXTargetDependency;
			target = 470806902B290820006F37E2 /* Flush */;
			targetProxy = 470806AC2B290821006F37E2 /* PBXContainerItemProxy */;
		};
		470806D42B290945006F37E2 /* PBXTargetDependency */ = {
			isa = PBXTargetDependency;
			target = 470806C22B290944006F37E2 /* FlushWatch Watch App */;
			targetProxy = 470806D32B290945006F37E2 /* PBXContainerItemProxy */;
		};
		470806DE2B290945006F37E2 /* PBXTargetDependency */ = {
			isa = PBXTargetDependency;
			target = 470806C22B290944006F37E2 /* FlushWatch Watch App */;
			targetProxy = 470806DD2B290945006F37E2 /* PBXContainerItemProxy */;
		};
		470806E52B290945006F37E2 /* PBXTargetDependency */ = {
			isa = PBXTargetDependency;
			target = 470806C22B290944006F37E2 /* FlushWatch Watch App */;
			targetProxy = 470806E42B290945006F37E2 /* PBXContainerItemProxy */;
		};
/* End PBXTargetDependency section */

/* Begin XCBuildConfiguration section */
		470806B32B290821006F37E2 /* Debug */ = {
			isa = XCBuildConfiguration;
			buildSettings = {
				ALWAYS_SEARCH_USER_PATHS = NO;
				ASSETCATALOG_COMPILER_GENERATE_SWIFT_ASSET_SYMBOL_EXTENSIONS = YES;
				CLANG_ANALYZER_NONNULL = YES;
				CLANG_ANALYZER_NUMBER_OBJECT_CONVERSION = YES_AGGRESSIVE;
				CLANG_CXX_LANGUAGE_STANDARD = "gnu++20";
				CLANG_ENABLE_MODULES = YES;
				CLANG_ENABLE_OBJC_ARC = YES;
				CLANG_ENABLE_OBJC_WEAK = YES;
				CLANG_WARN_BLOCK_CAPTURE_AUTORELEASING = YES;
				CLANG_WARN_BOOL_CONVERSION = YES;
				CLANG_WARN_COMMA = YES;
				CLANG_WARN_CONSTANT_CONVERSION = YES;
				CLANG_WARN_DEPRECATED_OBJC_IMPLEMENTATIONS = YES;
				CLANG_WARN_DIRECT_OBJC_ISA_USAGE = YES_ERROR;
				CLANG_WARN_DOCUMENTATION_COMMENTS = YES;
				CLANG_WARN_EMPTY_BODY = YES;
				CLANG_WARN_ENUM_CONVERSION = YES;
				CLANG_WARN_INFINITE_RECURSION = YES;
				CLANG_WARN_INT_CONVERSION = YES;
				CLANG_WARN_NON_LITERAL_NULL_CONVERSION = YES;
				CLANG_WARN_OBJC_IMPLICIT_RETAIN_SELF = YES;
				CLANG_WARN_OBJC_LITERAL_CONVERSION = YES;
				CLANG_WARN_OBJC_ROOT_CLASS = YES_ERROR;
				CLANG_WARN_QUOTED_INCLUDE_IN_FRAMEWORK_HEADER = YES;
				CLANG_WARN_RANGE_LOOP_ANALYSIS = YES;
				CLANG_WARN_STRICT_PROTOTYPES = YES;
				CLANG_WARN_SUSPICIOUS_MOVE = YES;
				CLANG_WARN_UNGUARDED_AVAILABILITY = YES_AGGRESSIVE;
				CLANG_WARN_UNREACHABLE_CODE = YES;
				CLANG_WARN__DUPLICATE_METHOD_MATCH = YES;
				COPY_PHASE_STRIP = NO;
				DEBUG_INFORMATION_FORMAT = dwarf;
				ENABLE_STRICT_OBJC_MSGSEND = YES;
				ENABLE_TESTABILITY = YES;
				ENABLE_USER_SCRIPT_SANDBOXING = YES;
				GCC_C_LANGUAGE_STANDARD = gnu17;
				GCC_DYNAMIC_NO_PIC = NO;
				GCC_NO_COMMON_BLOCKS = YES;
				GCC_OPTIMIZATION_LEVEL = 0;
				GCC_PREPROCESSOR_DEFINITIONS = (
					"DEBUG=1",
					"$(inherited)",
				);
				GCC_WARN_64_TO_32_BIT_CONVERSION = YES;
				GCC_WARN_ABOUT_RETURN_TYPE = YES_ERROR;
				GCC_WARN_UNDECLARED_SELECTOR = YES;
				GCC_WARN_UNINITIALIZED_AUTOS = YES_AGGRESSIVE;
				GCC_WARN_UNUSED_FUNCTION = YES;
				GCC_WARN_UNUSED_VARIABLE = YES;
				IPHONEOS_DEPLOYMENT_TARGET = 17.0;
				LOCALIZATION_PREFERS_STRING_CATALOGS = YES;
				MTL_ENABLE_DEBUG_INFO = INCLUDE_SOURCE;
				MTL_FAST_MATH = YES;
				ONLY_ACTIVE_ARCH = YES;
				SDKROOT = iphoneos;
				SWIFT_ACTIVE_COMPILATION_CONDITIONS = "DEBUG $(inherited)";
				SWIFT_OPTIMIZATION_LEVEL = "-Onone";
			};
			name = Debug;
		};
		470806B42B290821006F37E2 /* Release */ = {
			isa = XCBuildConfiguration;
			buildSettings = {
				ALWAYS_SEARCH_USER_PATHS = NO;
				ASSETCATALOG_COMPILER_GENERATE_SWIFT_ASSET_SYMBOL_EXTENSIONS = YES;
				CLANG_ANALYZER_NONNULL = YES;
				CLANG_ANALYZER_NUMBER_OBJECT_CONVERSION = YES_AGGRESSIVE;
				CLANG_CXX_LANGUAGE_STANDARD = "gnu++20";
				CLANG_ENABLE_MODULES = YES;
				CLANG_ENABLE_OBJC_ARC = YES;
				CLANG_ENABLE_OBJC_WEAK = YES;
				CLANG_WARN_BLOCK_CAPTURE_AUTORELEASING = YES;
				CLANG_WARN_BOOL_CONVERSION = YES;
				CLANG_WARN_COMMA = YES;
				CLANG_WARN_CONSTANT_CONVERSION = YES;
				CLANG_WARN_DEPRECATED_OBJC_IMPLEMENTATIONS = YES;
				CLANG_WARN_DIRECT_OBJC_ISA_USAGE = YES_ERROR;
				CLANG_WARN_DOCUMENTATION_COMMENTS = YES;
				CLANG_WARN_EMPTY_BODY = YES;
				CLANG_WARN_ENUM_CONVERSION = YES;
				CLANG_WARN_INFINITE_RECURSION = YES;
				CLANG_WARN_INT_CONVERSION = YES;
				CLANG_WARN_NON_LITERAL_NULL_CONVERSION = YES;
				CLANG_WARN_OBJC_IMPLICIT_RETAIN_SELF = YES;
				CLANG_WARN_OBJC_LITERAL_CONVERSION = YES;
				CLANG_WARN_OBJC_ROOT_CLASS = YES_ERROR;
				CLANG_WARN_QUOTED_INCLUDE_IN_FRAMEWORK_HEADER = YES;
				CLANG_WARN_RANGE_LOOP_ANALYSIS = YES;
				CLANG_WARN_STRICT_PROTOTYPES = YES;
				CLANG_WARN_SUSPICIOUS_MOVE = YES;
				CLANG_WARN_UNGUARDED_AVAILABILITY = YES_AGGRESSIVE;
				CLANG_WARN_UNREACHABLE_CODE = YES;
				CLANG_WARN__DUPLICATE_METHOD_MATCH = YES;
				COPY_PHASE_STRIP = NO;
				DEBUG_INFORMATION_FORMAT = "dwarf-with-dsym";
				ENABLE_NS_ASSERTIONS = NO;
				ENABLE_STRICT_OBJC_MSGSEND = YES;
				ENABLE_USER_SCRIPT_SANDBOXING = YES;
				GCC_C_LANGUAGE_STANDARD = gnu17;
				GCC_NO_COMMON_BLOCKS = YES;
				GCC_WARN_64_TO_32_BIT_CONVERSION = YES;
				GCC_WARN_ABOUT_RETURN_TYPE = YES_ERROR;
				GCC_WARN_UNDECLARED_SELECTOR = YES;
				GCC_WARN_UNINITIALIZED_AUTOS = YES_AGGRESSIVE;
				GCC_WARN_UNUSED_FUNCTION = YES;
				GCC_WARN_UNUSED_VARIABLE = YES;
				IPHONEOS_DEPLOYMENT_TARGET = 17.0;
				LOCALIZATION_PREFERS_STRING_CATALOGS = YES;
				MTL_ENABLE_DEBUG_INFO = NO;
				MTL_FAST_MATH = YES;
				SDKROOT = iphoneos;
				SWIFT_COMPILATION_MODE = wholemodule;
				VALIDATE_PRODUCT = YES;
			};
			name = Release;
		};
		470806B62B290821006F37E2 /* Debug */ = {
			isa = XCBuildConfiguration;
			buildSettings = {
				ALWAYS_EMBED_SWIFT_STANDARD_LIBRARIES = YES;
				ASSETCATALOG_COMPILER_APPICON_NAME = AppIcon;
				ASSETCATALOG_COMPILER_GLOBAL_ACCENT_COLOR_NAME = AccentColor;
				CODE_SIGN_STYLE = Automatic;
				CURRENT_PROJECT_VERSION = 1;
				DEVELOPMENT_ASSET_PATHS = "\"Flush/Preview Content\"";
				DEVELOPMENT_TEAM = 5WDN96EM72;
				ENABLE_PREVIEWS = YES;
				GENERATE_INFOPLIST_FILE = YES;
				INFOPLIST_KEY_UIApplicationSceneManifest_Generation = YES;
				INFOPLIST_KEY_UIApplicationSupportsIndirectInputEvents = YES;
				INFOPLIST_KEY_UILaunchScreen_Generation = YES;
				INFOPLIST_KEY_UISupportedInterfaceOrientations_iPad = "UIInterfaceOrientationPortrait UIInterfaceOrientationPortraitUpsideDown UIInterfaceOrientationLandscapeLeft UIInterfaceOrientationLandscapeRight";
				INFOPLIST_KEY_UISupportedInterfaceOrientations_iPhone = "UIInterfaceOrientationPortrait UIInterfaceOrientationLandscapeLeft UIInterfaceOrientationLandscapeRight";
				LD_RUNPATH_SEARCH_PATHS = (
					"$(inherited)",
					"@executable_path/Frameworks",
				);
				MARKETING_VERSION = 1.0;
				PRODUCT_BUNDLE_IDENTIFIER = com.flush.Flush;
				PRODUCT_NAME = "$(TARGET_NAME)";
				SWIFT_EMIT_LOC_STRINGS = YES;
				SWIFT_VERSION = 5.0;
				TARGETED_DEVICE_FAMILY = "1,2";
			};
			name = Debug;
		};
		470806B72B290821006F37E2 /* Release */ = {
			isa = XCBuildConfiguration;
			buildSettings = {
				ALWAYS_EMBED_SWIFT_STANDARD_LIBRARIES = YES;
				ASSETCATALOG_COMPILER_APPICON_NAME = AppIcon;
				ASSETCATALOG_COMPILER_GLOBAL_ACCENT_COLOR_NAME = AccentColor;
				CODE_SIGN_STYLE = Automatic;
				CURRENT_PROJECT_VERSION = 1;
				DEVELOPMENT_ASSET_PATHS = "\"Flush/Preview Content\"";
				DEVELOPMENT_TEAM = 5WDN96EM72;
				ENABLE_PREVIEWS = YES;
				GENERATE_INFOPLIST_FILE = YES;
				INFOPLIST_KEY_UIApplicationSceneManifest_Generation = YES;
				INFOPLIST_KEY_UIApplicationSupportsIndirectInputEvents = YES;
				INFOPLIST_KEY_UILaunchScreen_Generation = YES;
				INFOPLIST_KEY_UISupportedInterfaceOrientations_iPad = "UIInterfaceOrientationPortrait UIInterfaceOrientationPortraitUpsideDown UIInterfaceOrientationLandscapeLeft UIInterfaceOrientationLandscapeRight";
				INFOPLIST_KEY_UISupportedInterfaceOrientations_iPhone = "UIInterfaceOrientationPortrait UIInterfaceOrientationLandscapeLeft UIInterfaceOrientationLandscapeRight";
				LD_RUNPATH_SEARCH_PATHS = (
					"$(inherited)",
					"@executable_path/Frameworks",
				);
				MARKETING_VERSION = 1.0;
				PRODUCT_BUNDLE_IDENTIFIER = com.flush.Flush;
				PRODUCT_NAME = "$(TARGET_NAME)";
				SWIFT_EMIT_LOC_STRINGS = YES;
				SWIFT_VERSION = 5.0;
				TARGETED_DEVICE_FAMILY = "1,2";
			};
			name = Release;
		};
		470806B92B290821006F37E2 /* Debug */ = {
			isa = XCBuildConfiguration;
			buildSettings = {
				ALWAYS_EMBED_SWIFT_STANDARD_LIBRARIES = YES;
				BUNDLE_LOADER = "$(TEST_HOST)";
				CODE_SIGN_STYLE = Automatic;
				CURRENT_PROJECT_VERSION = 1;
				DEVELOPMENT_TEAM = 5WDN96EM72;
				GENERATE_INFOPLIST_FILE = YES;
				IPHONEOS_DEPLOYMENT_TARGET = 17.0;
				MARKETING_VERSION = 1.0;
				PRODUCT_BUNDLE_IDENTIFIER = com.flush.FlushTests;
				PRODUCT_NAME = "$(TARGET_NAME)";
				SWIFT_EMIT_LOC_STRINGS = NO;
				SWIFT_VERSION = 5.0;
				TARGETED_DEVICE_FAMILY = "1,2";
				TEST_HOST = "$(BUILT_PRODUCTS_DIR)/Flush.app/$(BUNDLE_EXECUTABLE_FOLDER_PATH)/Flush";
			};
			name = Debug;
		};
		470806BA2B290821006F37E2 /* Release */ = {
			isa = XCBuildConfiguration;
			buildSettings = {
				ALWAYS_EMBED_SWIFT_STANDARD_LIBRARIES = YES;
				BUNDLE_LOADER = "$(TEST_HOST)";
				CODE_SIGN_STYLE = Automatic;
				CURRENT_PROJECT_VERSION = 1;
				DEVELOPMENT_TEAM = 5WDN96EM72;
				GENERATE_INFOPLIST_FILE = YES;
				IPHONEOS_DEPLOYMENT_TARGET = 17.0;
				MARKETING_VERSION = 1.0;
				PRODUCT_BUNDLE_IDENTIFIER = com.flush.FlushTests;
				PRODUCT_NAME = "$(TARGET_NAME)";
				SWIFT_EMIT_LOC_STRINGS = NO;
				SWIFT_VERSION = 5.0;
				TARGETED_DEVICE_FAMILY = "1,2";
				TEST_HOST = "$(BUILT_PRODUCTS_DIR)/Flush.app/$(BUNDLE_EXECUTABLE_FOLDER_PATH)/Flush";
			};
			name = Release;
		};
		470806BC2B290821006F37E2 /* Debug */ = {
			isa = XCBuildConfiguration;
			buildSettings = {
				ALWAYS_EMBED_SWIFT_STANDARD_LIBRARIES = YES;
				CODE_SIGN_STYLE = Automatic;
				CURRENT_PROJECT_VERSION = 1;
				DEVELOPMENT_TEAM = 5WDN96EM72;
				GENERATE_INFOPLIST_FILE = YES;
				MARKETING_VERSION = 1.0;
				PRODUCT_BUNDLE_IDENTIFIER = com.flush.FlushUITests;
				PRODUCT_NAME = "$(TARGET_NAME)";
				SWIFT_EMIT_LOC_STRINGS = NO;
				SWIFT_VERSION = 5.0;
				TARGETED_DEVICE_FAMILY = "1,2";
				TEST_TARGET_NAME = Flush;
			};
			name = Debug;
		};
		470806BD2B290821006F37E2 /* Release */ = {
			isa = XCBuildConfiguration;
			buildSettings = {
				ALWAYS_EMBED_SWIFT_STANDARD_LIBRARIES = YES;
				CODE_SIGN_STYLE = Automatic;
				CURRENT_PROJECT_VERSION = 1;
				DEVELOPMENT_TEAM = 5WDN96EM72;
				GENERATE_INFOPLIST_FILE = YES;
				MARKETING_VERSION = 1.0;
				PRODUCT_BUNDLE_IDENTIFIER = com.flush.FlushUITests;
				PRODUCT_NAME = "$(TARGET_NAME)";
				SWIFT_EMIT_LOC_STRINGS = NO;
				SWIFT_VERSION = 5.0;
				TARGETED_DEVICE_FAMILY = "1,2";
				TEST_TARGET_NAME = Flush;
			};
			name = Release;
		};
		470806E82B290945006F37E2 /* Debug */ = {
			isa = XCBuildConfiguration;
			buildSettings = {
				ASSETCATALOG_COMPILER_APPICON_NAME = AppIcon;
				ASSETCATALOG_COMPILER_GLOBAL_ACCENT_COLOR_NAME = AccentColor;
				CODE_SIGN_STYLE = Automatic;
				CURRENT_PROJECT_VERSION = 1;
				DEVELOPMENT_ASSET_PATHS = "\"FlushWatch Watch App/Preview Content\"";
				DEVELOPMENT_TEAM = 5WDN96EM72;
				ENABLE_PREVIEWS = YES;
				GENERATE_INFOPLIST_FILE = YES;
				INFOPLIST_KEY_CFBundleDisplayName = FlushWatch;
				INFOPLIST_KEY_UISupportedInterfaceOrientations = "UIInterfaceOrientationPortrait UIInterfaceOrientationPortraitUpsideDown";
				INFOPLIST_KEY_WKCompanionAppBundleIdentifier = com.flush.Flush;
				LD_RUNPATH_SEARCH_PATHS = (
					"$(inherited)",
					"@executable_path/Frameworks",
				);
				MARKETING_VERSION = 1.0;
				PRODUCT_BUNDLE_IDENTIFIER = com.flush.Flush.watchkitapp;
				PRODUCT_NAME = "$(TARGET_NAME)";
				SDKROOT = watchos;
				SKIP_INSTALL = YES;
				SWIFT_EMIT_LOC_STRINGS = YES;
				SWIFT_VERSION = 5.0;
				TARGETED_DEVICE_FAMILY = 4;
				WATCHOS_DEPLOYMENT_TARGET = 10.0;
			};
			name = Debug;
		};
		470806E92B290945006F37E2 /* Release */ = {
			isa = XCBuildConfiguration;
			buildSettings = {
				ASSETCATALOG_COMPILER_APPICON_NAME = AppIcon;
				ASSETCATALOG_COMPILER_GLOBAL_ACCENT_COLOR_NAME = AccentColor;
				CODE_SIGN_STYLE = Automatic;
				CURRENT_PROJECT_VERSION = 1;
				DEVELOPMENT_ASSET_PATHS = "\"FlushWatch Watch App/Preview Content\"";
				DEVELOPMENT_TEAM = 5WDN96EM72;
				ENABLE_PREVIEWS = YES;
				GENERATE_INFOPLIST_FILE = YES;
				INFOPLIST_KEY_CFBundleDisplayName = FlushWatch;
				INFOPLIST_KEY_UISupportedInterfaceOrientations = "UIInterfaceOrientationPortrait UIInterfaceOrientationPortraitUpsideDown";
				INFOPLIST_KEY_WKCompanionAppBundleIdentifier = com.flush.Flush;
				LD_RUNPATH_SEARCH_PATHS = (
					"$(inherited)",
					"@executable_path/Frameworks",
				);
				MARKETING_VERSION = 1.0;
				PRODUCT_BUNDLE_IDENTIFIER = com.flush.Flush.watchkitapp;
				PRODUCT_NAME = "$(TARGET_NAME)";
				SDKROOT = watchos;
				SKIP_INSTALL = YES;
				SWIFT_EMIT_LOC_STRINGS = YES;
				SWIFT_VERSION = 5.0;
				TARGETED_DEVICE_FAMILY = 4;
				WATCHOS_DEPLOYMENT_TARGET = 10.0;
			};
			name = Release;
		};
		470806EC2B290945006F37E2 /* Debug */ = {
			isa = XCBuildConfiguration;
			buildSettings = {
				ALWAYS_EMBED_SWIFT_STANDARD_LIBRARIES = YES;
				BUNDLE_LOADER = "$(TEST_HOST)";
				CODE_SIGN_STYLE = Automatic;
				CURRENT_PROJECT_VERSION = 1;
				DEVELOPMENT_TEAM = 5WDN96EM72;
				GENERATE_INFOPLIST_FILE = YES;
				MARKETING_VERSION = 1.0;
				PRODUCT_BUNDLE_IDENTIFIER = "com.flush.FlushWatch-Watch-AppTests";
				PRODUCT_NAME = "$(TARGET_NAME)";
				SDKROOT = watchos;
				SWIFT_EMIT_LOC_STRINGS = NO;
				SWIFT_VERSION = 5.0;
				TARGETED_DEVICE_FAMILY = 4;
				TEST_HOST = "$(BUILT_PRODUCTS_DIR)/FlushWatch Watch App.app/$(BUNDLE_EXECUTABLE_FOLDER_PATH)/FlushWatch Watch App";
				WATCHOS_DEPLOYMENT_TARGET = 10.0;
			};
			name = Debug;
		};
		470806ED2B290945006F37E2 /* Release */ = {
			isa = XCBuildConfiguration;
			buildSettings = {
				ALWAYS_EMBED_SWIFT_STANDARD_LIBRARIES = YES;
				BUNDLE_LOADER = "$(TEST_HOST)";
				CODE_SIGN_STYLE = Automatic;
				CURRENT_PROJECT_VERSION = 1;
				DEVELOPMENT_TEAM = 5WDN96EM72;
				GENERATE_INFOPLIST_FILE = YES;
				MARKETING_VERSION = 1.0;
				PRODUCT_BUNDLE_IDENTIFIER = "com.flush.FlushWatch-Watch-AppTests";
				PRODUCT_NAME = "$(TARGET_NAME)";
				SDKROOT = watchos;
				SWIFT_EMIT_LOC_STRINGS = NO;
				SWIFT_VERSION = 5.0;
				TARGETED_DEVICE_FAMILY = 4;
				TEST_HOST = "$(BUILT_PRODUCTS_DIR)/FlushWatch Watch App.app/$(BUNDLE_EXECUTABLE_FOLDER_PATH)/FlushWatch Watch App";
				WATCHOS_DEPLOYMENT_TARGET = 10.0;
			};
			name = Release;
		};
		470806EF2B290945006F37E2 /* Debug */ = {
			isa = XCBuildConfiguration;
			buildSettings = {
				ALWAYS_EMBED_SWIFT_STANDARD_LIBRARIES = YES;
				CODE_SIGN_STYLE = Automatic;
				CURRENT_PROJECT_VERSION = 1;
				DEVELOPMENT_TEAM = 5WDN96EM72;
				GENERATE_INFOPLIST_FILE = YES;
				MARKETING_VERSION = 1.0;
				PRODUCT_BUNDLE_IDENTIFIER = "com.flush.FlushWatch-Watch-AppUITests";
				PRODUCT_NAME = "$(TARGET_NAME)";
				SDKROOT = watchos;
				SWIFT_EMIT_LOC_STRINGS = NO;
				SWIFT_VERSION = 5.0;
				TARGETED_DEVICE_FAMILY = 4;
				TEST_TARGET_NAME = "FlushWatch Watch App";
				WATCHOS_DEPLOYMENT_TARGET = 10.0;
			};
			name = Debug;
		};
		470806F02B290945006F37E2 /* Release */ = {
			isa = XCBuildConfiguration;
			buildSettings = {
				ALWAYS_EMBED_SWIFT_STANDARD_LIBRARIES = YES;
				CODE_SIGN_STYLE = Automatic;
				CURRENT_PROJECT_VERSION = 1;
				DEVELOPMENT_TEAM = 5WDN96EM72;
				GENERATE_INFOPLIST_FILE = YES;
				MARKETING_VERSION = 1.0;
				PRODUCT_BUNDLE_IDENTIFIER = "com.flush.FlushWatch-Watch-AppUITests";
				PRODUCT_NAME = "$(TARGET_NAME)";
				SDKROOT = watchos;
				SWIFT_EMIT_LOC_STRINGS = NO;
				SWIFT_VERSION = 5.0;
				TARGETED_DEVICE_FAMILY = 4;
				TEST_TARGET_NAME = "FlushWatch Watch App";
				WATCHOS_DEPLOYMENT_TARGET = 10.0;
			};
			name = Release;
		};
/* End XCBuildConfiguration section */

/* Begin XCConfigurationList section */
		4708068C2B290820006F37E2 /* Build configuration list for PBXProject "Flush" */ = {
			isa = XCConfigurationList;
			buildConfigurations = (
				470806B32B290821006F37E2 /* Debug */,
				470806B42B290821006F37E2 /* Release */,
			);
			defaultConfigurationIsVisible = 0;
			defaultConfigurationName = Release;
		};
		470806B52B290821006F37E2 /* Build configuration list for PBXNativeTarget "Flush" */ = {
			isa = XCConfigurationList;
			buildConfigurations = (
				470806B62B290821006F37E2 /* Debug */,
				470806B72B290821006F37E2 /* Release */,
			);
			defaultConfigurationIsVisible = 0;
			defaultConfigurationName = Release;
		};
		470806B82B290821006F37E2 /* Build configuration list for PBXNativeTarget "FlushTests" */ = {
			isa = XCConfigurationList;
			buildConfigurations = (
				470806B92B290821006F37E2 /* Debug */,
				470806BA2B290821006F37E2 /* Release */,
			);
			defaultConfigurationIsVisible = 0;
			defaultConfigurationName = Release;
		};
		470806BB2B290821006F37E2 /* Build configuration list for PBXNativeTarget "FlushUITests" */ = {
			isa = XCConfigurationList;
			buildConfigurations = (
				470806BC2B290821006F37E2 /* Debug */,
				470806BD2B290821006F37E2 /* Release */,
			);
			defaultConfigurationIsVisible = 0;
			defaultConfigurationName = Release;
		};
		470806E72B290945006F37E2 /* Build configuration list for PBXNativeTarget "FlushWatch Watch App" */ = {
			isa = XCConfigurationList;
			buildConfigurations = (
				470806E82B290945006F37E2 /* Debug */,
				470806E92B290945006F37E2 /* Release */,
			);
			defaultConfigurationIsVisible = 0;
			defaultConfigurationName = Release;
		};
		470806EB2B290945006F37E2 /* Build configuration list for PBXNativeTarget "FlushWatch Watch AppTests" */ = {
			isa = XCConfigurationList;
			buildConfigurations = (
				470806EC2B290945006F37E2 /* Debug */,
				470806ED2B290945006F37E2 /* Release */,
			);
			defaultConfigurationIsVisible = 0;
			defaultConfigurationName = Release;
		};
		470806EE2B290945006F37E2 /* Build configuration list for PBXNativeTarget "FlushWatch Watch AppUITests" */ = {
			isa = XCConfigurationList;
			buildConfigurations = (
				470806EF2B290945006F37E2 /* Debug */,
				470806F02B290945006F37E2 /* Release */,
			);
			defaultConfigurationIsVisible = 0;
			defaultConfigurationName = Release;
		};
/* End XCConfigurationList section */
	};
	rootObject = 470806892B290820006F37E2 /* Project object */;
}
