// !$*UTF8*$!
{
	archiveVersion = 1;
	classes = {
	};
	objectVersion = 56;
	objects = {

/* Begin PBXBuildFile section */
		470440432B2A6FFA00DF853A /* RankRateView.swift in Sources */ = {isa = PBXBuildFile; fileRef = 470440422B2A6FFA00DF853A /* RankRateView.swift */; };
		470440452B2A72E100DF853A /* CardsPickerView.swift in Sources */ = {isa = PBXBuildFile; fileRef = 470440442B2A72E100DF853A /* CardsPickerView.swift */; };
		470440472B2A819800DF853A /* ResultView.swift in Sources */ = {isa = PBXBuildFile; fileRef = 470440462B2A819800DF853A /* ResultView.swift */; };
		470440492B2A828200DF853A /* CardsPickerViewModel.swift in Sources */ = {isa = PBXBuildFile; fileRef = 470440482B2A828200DF853A /* CardsPickerViewModel.swift */; };
		4704404F2B2A82F200DF853A /* ResultViewModel.swift in Sources */ = {isa = PBXBuildFile; fileRef = 4704404E2B2A82F200DF853A /* ResultViewModel.swift */; };
		470806952B290820006F37E2 /* FlushApp.swift in Sources */ = {isa = PBXBuildFile; fileRef = 470806942B290820006F37E2 /* FlushApp.swift */; };
		470806972B290820006F37E2 /* ContentView.swift in Sources */ = {isa = PBXBuildFile; fileRef = 470806962B290820006F37E2 /* ContentView.swift */; };
		470806992B290821006F37E2 /* Assets.xcassets in Resources */ = {isa = PBXBuildFile; fileRef = 470806982B290821006F37E2 /* Assets.xcassets */; };
		4708069C2B290821006F37E2 /* Preview Assets.xcassets in Resources */ = {isa = PBXBuildFile; fileRef = 4708069B2B290821006F37E2 /* Preview Assets.xcassets */; };
		470806A62B290821006F37E2 /* FlushTests.swift in Sources */ = {isa = PBXBuildFile; fileRef = 470806A52B290821006F37E2 /* FlushTests.swift */; };
		470806B02B290821006F37E2 /* FlushUITests.swift in Sources */ = {isa = PBXBuildFile; fileRef = 470806AF2B290821006F37E2 /* FlushUITests.swift */; };
		470806B22B290821006F37E2 /* FlushUITestsLaunchTests.swift in Sources */ = {isa = PBXBuildFile; fileRef = 470806B12B290821006F37E2 /* FlushUITestsLaunchTests.swift */; };
		470806C62B290944006F37E2 /* FlushWatchApp.swift in Sources */ = {isa = PBXBuildFile; fileRef = 470806C52B290944006F37E2 /* FlushWatchApp.swift */; };
		470806CA2B290945006F37E2 /* Assets.xcassets in Resources */ = {isa = PBXBuildFile; fileRef = 470806C92B290945006F37E2 /* Assets.xcassets */; };
		470806CD2B290945006F37E2 /* Preview Assets.xcassets in Resources */ = {isa = PBXBuildFile; fileRef = 470806CC2B290945006F37E2 /* Preview Assets.xcassets */; };
		470806D72B290945006F37E2 /* FlushWatch_Watch_AppTests.swift in Sources */ = {isa = PBXBuildFile; fileRef = 470806D62B290945006F37E2 /* FlushWatch_Watch_AppTests.swift */; };
		470806E12B290945006F37E2 /* FlushWatch_Watch_AppUITests.swift in Sources */ = {isa = PBXBuildFile; fileRef = 470806E02B290945006F37E2 /* FlushWatch_Watch_AppUITests.swift */; };
		470806E32B290945006F37E2 /* FlushWatch_Watch_AppUITestsLaunchTests.swift in Sources */ = {isa = PBXBuildFile; fileRef = 470806E22B290945006F37E2 /* FlushWatch_Watch_AppUITestsLaunchTests.swift */; };
		470806E62B290945006F37E2 /* FlushWatch Watch App.app in Embed Watch Content */ = {isa = PBXBuildFile; fileRef = 470806C32B290944006F37E2 /* FlushWatch Watch App.app */; settings = {ATTRIBUTES = (RemoveHeadersOnCopy, ); }; };
		475D331B2B2CF27B00EAC209 /* RankCheckerTests.swift in Sources */ = {isa = PBXBuildFile; fileRef = 475D331A2B2CF27B00EAC209 /* RankCheckerTests.swift */; };
		475D331D2B2D2EA300EAC209 /* NumberTests.swift in Sources */ = {isa = PBXBuildFile; fileRef = 475D331C2B2D2EA300EAC209 /* NumberTests.swift */; };
		475D331F2B2E3B8400EAC209 /* PlayersNumberView.swift in Sources */ = {isa = PBXBuildFile; fileRef = 475D331E2B2E3B8400EAC209 /* PlayersNumberView.swift */; };
		476253182B8434B90014D6C3 /* ComposableArchitecture in Frameworks */ = {isa = PBXBuildFile; productRef = 476253172B8434B90014D6C3 /* ComposableArchitecture */; };
		476253262B8435DC0014D6C3 /* FlushUI.framework in Frameworks */ = {isa = PBXBuildFile; fileRef = 4762531E2B8435DC0014D6C3 /* FlushUI.framework */; };
		4762532B2B8435DC0014D6C3 /* FlushUITests.swift in Sources */ = {isa = PBXBuildFile; fileRef = 4762532A2B8435DC0014D6C3 /* FlushUITests.swift */; };
		4762532C2B8435DC0014D6C3 /* FlushUI.h in Headers */ = {isa = PBXBuildFile; fileRef = 476253202B8435DC0014D6C3 /* FlushUI.h */; settings = {ATTRIBUTES = (Public, ); }; };
		476253442B84377D0014D6C3 /* FlushModel.framework in Frameworks */ = {isa = PBXBuildFile; fileRef = 4762533C2B84377D0014D6C3 /* FlushModel.framework */; };
		476253492B84377D0014D6C3 /* FlushModelTests.swift in Sources */ = {isa = PBXBuildFile; fileRef = 476253482B84377D0014D6C3 /* FlushModelTests.swift */; };
		4762534A2B84377D0014D6C3 /* FlushModel.h in Headers */ = {isa = PBXBuildFile; fileRef = 4762533E2B84377D0014D6C3 /* FlushModel.h */; settings = {ATTRIBUTES = (Public, ); }; };
		476253512B8437C10014D6C3 /* ListCard.swift in Sources */ = {isa = PBXBuildFile; fileRef = 4704404A2B2A82A800DF853A /* ListCard.swift */; };
		476253522B8437C10014D6C3 /* Rank.swift in Sources */ = {isa = PBXBuildFile; fileRef = 4704405A2B2AB17600DF853A /* Rank.swift */; };
		476253532B8437C10014D6C3 /* Card.swift in Sources */ = {isa = PBXBuildFile; fileRef = 4704404C2B2A82B800DF853A /* Card.swift */; };
		476253562B85465A0014D6C3 /* CardView.swift in Sources */ = {isa = PBXBuildFile; fileRef = 47A0FCBF2B2927F500F00760 /* CardView.swift */; };
		4762535A2B8547040014D6C3 /* PlaceholderView.swift in Sources */ = {isa = PBXBuildFile; fileRef = 47A0FCC12B29351700F00760 /* PlaceholderView.swift */; };
		4762536A2B85485A0014D6C3 /* RankRateService.framework in Frameworks */ = {isa = PBXBuildFile; fileRef = 476253622B85485A0014D6C3 /* RankRateService.framework */; };
		4762536F2B85485A0014D6C3 /* RankRateServiceTests.swift in Sources */ = {isa = PBXBuildFile; fileRef = 4762536E2B85485A0014D6C3 /* RankRateServiceTests.swift */; };
		476253702B85485A0014D6C3 /* RankRateService.h in Headers */ = {isa = PBXBuildFile; fileRef = 476253642B85485A0014D6C3 /* RankRateService.h */; settings = {ATTRIBUTES = (Public, ); }; };
		476253772B8548700014D6C3 /* RankBuilder.swift in Sources */ = {isa = PBXBuildFile; fileRef = 475D33202B2E759B00EAC209 /* RankBuilder.swift */; };
		476253782B8548700014D6C3 /* CompareCards.swift in Sources */ = {isa = PBXBuildFile; fileRef = 475B6B792B2F88840094B4C0 /* CompareCards.swift */; };
		476253792B8548700014D6C3 /* RankManager.swift in Sources */ = {isa = PBXBuildFile; fileRef = 475D33182B2BBB9600EAC209 /* RankManager.swift */; };
		4762537A2B8548700014D6C3 /* RankChecker.swift in Sources */ = {isa = PBXBuildFile; fileRef = 475D33152B2BBB5700EAC209 /* RankChecker.swift */; };
		476253822B8549630014D6C3 /* Board.swift in Sources */ = {isa = PBXBuildFile; fileRef = 476253812B8549630014D6C3 /* Board.swift */; };
		476253862B855A9D0014D6C3 /* CardPickerDetailsView.swift in Sources */ = {isa = PBXBuildFile; fileRef = 471E63AD2B33A9C40067C020 /* CardPickerDetailsView.swift */; };
		47870BEF2B86CE5000C4D2B0 /* FlushModel.framework in Frameworks */ = {isa = PBXBuildFile; fileRef = 4762533C2B84377D0014D6C3 /* FlushModel.framework */; };
		47870BF42B86CE5500C4D2B0 /* FlushUI.framework in Frameworks */ = {isa = PBXBuildFile; fileRef = 4762531E2B8435DC0014D6C3 /* FlushUI.framework */; };
		47870BF92B86CE5900C4D2B0 /* RankRateService.framework in Frameworks */ = {isa = PBXBuildFile; fileRef = 476253622B85485A0014D6C3 /* RankRateService.framework */; };
/* End PBXBuildFile section */

/* Begin PBXContainerItemProxy section */
		470806A22B290821006F37E2 /* PBXContainerItemProxy */ = {
			isa = PBXContainerItemProxy;
			containerPortal = 470806892B290820006F37E2 /* Project object */;
			proxyType = 1;
			remoteGlobalIDString = 470806902B290820006F37E2;
			remoteInfo = Flush;
		};
		470806AC2B290821006F37E2 /* PBXContainerItemProxy */ = {
			isa = PBXContainerItemProxy;
			containerPortal = 470806892B290820006F37E2 /* Project object */;
			proxyType = 1;
			remoteGlobalIDString = 470806902B290820006F37E2;
			remoteInfo = Flush;
		};
		470806D32B290945006F37E2 /* PBXContainerItemProxy */ = {
			isa = PBXContainerItemProxy;
			containerPortal = 470806892B290820006F37E2 /* Project object */;
			proxyType = 1;
			remoteGlobalIDString = 470806C22B290944006F37E2;
			remoteInfo = "FlushWatch Watch App";
		};
		470806DD2B290945006F37E2 /* PBXContainerItemProxy */ = {
			isa = PBXContainerItemProxy;
			containerPortal = 470806892B290820006F37E2 /* Project object */;
			proxyType = 1;
			remoteGlobalIDString = 470806C22B290944006F37E2;
			remoteInfo = "FlushWatch Watch App";
		};
		470806E42B290945006F37E2 /* PBXContainerItemProxy */ = {
			isa = PBXContainerItemProxy;
			containerPortal = 470806892B290820006F37E2 /* Project object */;
			proxyType = 1;
			remoteGlobalIDString = 470806C22B290944006F37E2;
			remoteInfo = "FlushWatch Watch App";
		};
		476253272B8435DC0014D6C3 /* PBXContainerItemProxy */ = {
			isa = PBXContainerItemProxy;
			containerPortal = 470806892B290820006F37E2 /* Project object */;
			proxyType = 1;
			remoteGlobalIDString = 4762531D2B8435DC0014D6C3;
			remoteInfo = FlushUI;
		};
		476253332B8436260014D6C3 /* PBXContainerItemProxy */ = {
			isa = PBXContainerItemProxy;
			containerPortal = 470806892B290820006F37E2 /* Project object */;
			proxyType = 1;
			remoteGlobalIDString = 4762531D2B8435DC0014D6C3;
			remoteInfo = FlushUI;
		};
		476253452B84377D0014D6C3 /* PBXContainerItemProxy */ = {
			isa = PBXContainerItemProxy;
			containerPortal = 470806892B290820006F37E2 /* Project object */;
			proxyType = 1;
			remoteGlobalIDString = 4762533B2B84377D0014D6C3;
			remoteInfo = FlushModel;
		};
		476253542B8437EB0014D6C3 /* PBXContainerItemProxy */ = {
			isa = PBXContainerItemProxy;
			containerPortal = 470806892B290820006F37E2 /* Project object */;
			proxyType = 1;
			remoteGlobalIDString = 4762533B2B84377D0014D6C3;
			remoteInfo = FlushModel;
		};
		476253582B8546B70014D6C3 /* PBXContainerItemProxy */ = {
			isa = PBXContainerItemProxy;
			containerPortal = 470806892B290820006F37E2 /* Project object */;
			proxyType = 1;
			remoteGlobalIDString = 4762533B2B84377D0014D6C3;
			remoteInfo = FlushModel;
		};
		4762536B2B85485A0014D6C3 /* PBXContainerItemProxy */ = {
			isa = PBXContainerItemProxy;
			containerPortal = 470806892B290820006F37E2 /* Project object */;
			proxyType = 1;
			remoteGlobalIDString = 476253612B85485A0014D6C3;
			remoteInfo = RankRateService;
		};
		4762537B2B8548870014D6C3 /* PBXContainerItemProxy */ = {
			isa = PBXContainerItemProxy;
			containerPortal = 470806892B290820006F37E2 /* Project object */;
			proxyType = 1;
			remoteGlobalIDString = 476253612B85485A0014D6C3;
			remoteInfo = RankRateService;
		};
		4762537D2B85489B0014D6C3 /* PBXContainerItemProxy */ = {
			isa = PBXContainerItemProxy;
			containerPortal = 470806892B290820006F37E2 /* Project object */;
			proxyType = 1;
			remoteGlobalIDString = 4762533B2B84377D0014D6C3;
			remoteInfo = FlushModel;
		};
		4762537F2B8548E70014D6C3 /* PBXContainerItemProxy */ = {
			isa = PBXContainerItemProxy;
			containerPortal = 470806892B290820006F37E2 /* Project object */;
			proxyType = 1;
			remoteGlobalIDString = 476253612B85485A0014D6C3;
			remoteInfo = RankRateService;
		};
		47870BF12B86CE5000C4D2B0 /* PBXContainerItemProxy */ = {
			isa = PBXContainerItemProxy;
			containerPortal = 470806892B290820006F37E2 /* Project object */;
			proxyType = 1;
			remoteGlobalIDString = 4762533B2B84377D0014D6C3;
			remoteInfo = FlushModel;
		};
		47870BF62B86CE5500C4D2B0 /* PBXContainerItemProxy */ = {
			isa = PBXContainerItemProxy;
			containerPortal = 470806892B290820006F37E2 /* Project object */;
			proxyType = 1;
			remoteGlobalIDString = 4762531D2B8435DC0014D6C3;
			remoteInfo = FlushUI;
		};
		47870BFB2B86CE5900C4D2B0 /* PBXContainerItemProxy */ = {
			isa = PBXContainerItemProxy;
			containerPortal = 470806892B290820006F37E2 /* Project object */;
			proxyType = 1;
			remoteGlobalIDString = 476253612B85485A0014D6C3;
			remoteInfo = RankRateService;
		};
		47D86F6E2B8D372E00615594 /* PBXContainerItemProxy */ = {
			isa = PBXContainerItemProxy;
			containerPortal = 470806892B290820006F37E2 /* Project object */;
			proxyType = 1;
			remoteGlobalIDString = 470806C22B290944006F37E2;
			remoteInfo = "FlushWatch Watch App";
		};
		47D86F702B8D373700615594 /* PBXContainerItemProxy */ = {
			isa = PBXContainerItemProxy;
			containerPortal = 470806892B290820006F37E2 /* Project object */;
			proxyType = 1;
			remoteGlobalIDString = 470806C22B290944006F37E2;
			remoteInfo = "FlushWatch Watch App";
		};
		47D86F722B8D373E00615594 /* PBXContainerItemProxy */ = {
			isa = PBXContainerItemProxy;
			containerPortal = 470806892B290820006F37E2 /* Project object */;
			proxyType = 1;
			remoteGlobalIDString = 470806C22B290944006F37E2;
			remoteInfo = "FlushWatch Watch App";
		};
/* End PBXContainerItemProxy section */

/* Begin PBXCopyFilesBuildPhase section */
		470806EA2B290945006F37E2 /* Embed Watch Content */ = {
			isa = PBXCopyFilesBuildPhase;
			buildActionMask = 2147483647;
			dstPath = "$(CONTENTS_FOLDER_PATH)/Watch";
			dstSubfolderSpec = 16;
			files = (
				470806E62B290945006F37E2 /* FlushWatch Watch App.app in Embed Watch Content */,
			);
			name = "Embed Watch Content";
			runOnlyForDeploymentPostprocessing = 0;
		};
/* End PBXCopyFilesBuildPhase section */

/* Begin PBXFileReference section */
		470440422B2A6FFA00DF853A /* RankRateView.swift */ = {isa = PBXFileReference; lastKnownFileType = sourcecode.swift; path = RankRateView.swift; sourceTree = "<group>"; };
		470440442B2A72E100DF853A /* CardsPickerView.swift */ = {isa = PBXFileReference; lastKnownFileType = sourcecode.swift; path = CardsPickerView.swift; sourceTree = "<group>"; };
		470440462B2A819800DF853A /* ResultView.swift */ = {isa = PBXFileReference; lastKnownFileType = sourcecode.swift; path = ResultView.swift; sourceTree = "<group>"; };
		470440482B2A828200DF853A /* CardsPickerViewModel.swift */ = {isa = PBXFileReference; lastKnownFileType = sourcecode.swift; path = CardsPickerViewModel.swift; sourceTree = "<group>"; };
		4704404A2B2A82A800DF853A /* ListCard.swift */ = {isa = PBXFileReference; lastKnownFileType = sourcecode.swift; path = ListCard.swift; sourceTree = "<group>"; };
		4704404C2B2A82B800DF853A /* Card.swift */ = {isa = PBXFileReference; lastKnownFileType = sourcecode.swift; path = Card.swift; sourceTree = "<group>"; };
		4704404E2B2A82F200DF853A /* ResultViewModel.swift */ = {isa = PBXFileReference; lastKnownFileType = sourcecode.swift; path = ResultViewModel.swift; sourceTree = "<group>"; };
		4704405A2B2AB17600DF853A /* Rank.swift */ = {isa = PBXFileReference; lastKnownFileType = sourcecode.swift; path = Rank.swift; sourceTree = "<group>"; };
		470806912B290820006F37E2 /* Flush.app */ = {isa = PBXFileReference; explicitFileType = wrapper.application; includeInIndex = 0; path = Flush.app; sourceTree = BUILT_PRODUCTS_DIR; };
		470806942B290820006F37E2 /* FlushApp.swift */ = {isa = PBXFileReference; lastKnownFileType = sourcecode.swift; path = FlushApp.swift; sourceTree = "<group>"; };
		470806962B290820006F37E2 /* ContentView.swift */ = {isa = PBXFileReference; lastKnownFileType = sourcecode.swift; path = ContentView.swift; sourceTree = "<group>"; };
		470806982B290821006F37E2 /* Assets.xcassets */ = {isa = PBXFileReference; lastKnownFileType = folder.assetcatalog; path = Assets.xcassets; sourceTree = "<group>"; };
		4708069B2B290821006F37E2 /* Preview Assets.xcassets */ = {isa = PBXFileReference; lastKnownFileType = folder.assetcatalog; path = "Preview Assets.xcassets"; sourceTree = "<group>"; };
		470806A12B290821006F37E2 /* FlushTests.xctest */ = {isa = PBXFileReference; explicitFileType = wrapper.cfbundle; includeInIndex = 0; path = FlushTests.xctest; sourceTree = BUILT_PRODUCTS_DIR; };
		470806A52B290821006F37E2 /* FlushTests.swift */ = {isa = PBXFileReference; lastKnownFileType = sourcecode.swift; path = FlushTests.swift; sourceTree = "<group>"; };
		470806AB2B290821006F37E2 /* FlushUITests.xctest */ = {isa = PBXFileReference; explicitFileType = wrapper.cfbundle; includeInIndex = 0; path = FlushUITests.xctest; sourceTree = BUILT_PRODUCTS_DIR; };
		470806AF2B290821006F37E2 /* FlushUITests.swift */ = {isa = PBXFileReference; lastKnownFileType = sourcecode.swift; path = FlushUITests.swift; sourceTree = "<group>"; };
		470806B12B290821006F37E2 /* FlushUITestsLaunchTests.swift */ = {isa = PBXFileReference; lastKnownFileType = sourcecode.swift; path = FlushUITestsLaunchTests.swift; sourceTree = "<group>"; };
		470806C32B290944006F37E2 /* FlushWatch Watch App.app */ = {isa = PBXFileReference; explicitFileType = wrapper.application; includeInIndex = 0; path = "FlushWatch Watch App.app"; sourceTree = BUILT_PRODUCTS_DIR; };
		470806C52B290944006F37E2 /* FlushWatchApp.swift */ = {isa = PBXFileReference; lastKnownFileType = sourcecode.swift; path = FlushWatchApp.swift; sourceTree = "<group>"; };
		470806C92B290945006F37E2 /* Assets.xcassets */ = {isa = PBXFileReference; lastKnownFileType = folder.assetcatalog; path = Assets.xcassets; sourceTree = "<group>"; };
		470806CC2B290945006F37E2 /* Preview Assets.xcassets */ = {isa = PBXFileReference; lastKnownFileType = folder.assetcatalog; path = "Preview Assets.xcassets"; sourceTree = "<group>"; };
		470806D22B290945006F37E2 /* FlushWatch Watch AppTests.xctest */ = {isa = PBXFileReference; explicitFileType = wrapper.cfbundle; includeInIndex = 0; path = "FlushWatch Watch AppTests.xctest"; sourceTree = BUILT_PRODUCTS_DIR; };
		470806D62B290945006F37E2 /* FlushWatch_Watch_AppTests.swift */ = {isa = PBXFileReference; lastKnownFileType = sourcecode.swift; path = FlushWatch_Watch_AppTests.swift; sourceTree = "<group>"; };
		470806DC2B290945006F37E2 /* FlushWatch Watch AppUITests.xctest */ = {isa = PBXFileReference; explicitFileType = wrapper.cfbundle; includeInIndex = 0; path = "FlushWatch Watch AppUITests.xctest"; sourceTree = BUILT_PRODUCTS_DIR; };
		470806E02B290945006F37E2 /* FlushWatch_Watch_AppUITests.swift */ = {isa = PBXFileReference; lastKnownFileType = sourcecode.swift; path = FlushWatch_Watch_AppUITests.swift; sourceTree = "<group>"; };
		470806E22B290945006F37E2 /* FlushWatch_Watch_AppUITestsLaunchTests.swift */ = {isa = PBXFileReference; lastKnownFileType = sourcecode.swift; path = FlushWatch_Watch_AppUITestsLaunchTests.swift; sourceTree = "<group>"; };
		471E63AD2B33A9C40067C020 /* CardPickerDetailsView.swift */ = {isa = PBXFileReference; lastKnownFileType = sourcecode.swift; path = CardPickerDetailsView.swift; sourceTree = "<group>"; };
		475B6B792B2F88840094B4C0 /* CompareCards.swift */ = {isa = PBXFileReference; lastKnownFileType = sourcecode.swift; path = CompareCards.swift; sourceTree = "<group>"; };
		475D33152B2BBB5700EAC209 /* RankChecker.swift */ = {isa = PBXFileReference; lastKnownFileType = sourcecode.swift; path = RankChecker.swift; sourceTree = "<group>"; };
		475D33182B2BBB9600EAC209 /* RankManager.swift */ = {isa = PBXFileReference; fileEncoding = 4; lastKnownFileType = sourcecode.swift; path = RankManager.swift; sourceTree = "<group>"; };
		475D331A2B2CF27B00EAC209 /* RankCheckerTests.swift */ = {isa = PBXFileReference; lastKnownFileType = sourcecode.swift; path = RankCheckerTests.swift; sourceTree = "<group>"; };
		475D331C2B2D2EA300EAC209 /* NumberTests.swift */ = {isa = PBXFileReference; lastKnownFileType = sourcecode.swift; path = NumberTests.swift; sourceTree = "<group>"; };
		475D331E2B2E3B8400EAC209 /* PlayersNumberView.swift */ = {isa = PBXFileReference; lastKnownFileType = sourcecode.swift; path = PlayersNumberView.swift; sourceTree = "<group>"; };
		475D33202B2E759B00EAC209 /* RankBuilder.swift */ = {isa = PBXFileReference; lastKnownFileType = sourcecode.swift; path = RankBuilder.swift; sourceTree = "<group>"; };
		4762531E2B8435DC0014D6C3 /* FlushUI.framework */ = {isa = PBXFileReference; explicitFileType = wrapper.framework; includeInIndex = 0; path = FlushUI.framework; sourceTree = BUILT_PRODUCTS_DIR; };
		476253202B8435DC0014D6C3 /* FlushUI.h */ = {isa = PBXFileReference; lastKnownFileType = sourcecode.c.h; path = FlushUI.h; sourceTree = "<group>"; };
		476253252B8435DC0014D6C3 /* FlushUITests.xctest */ = {isa = PBXFileReference; explicitFileType = wrapper.cfbundle; includeInIndex = 0; path = FlushUITests.xctest; sourceTree = BUILT_PRODUCTS_DIR; };
		4762532A2B8435DC0014D6C3 /* FlushUITests.swift */ = {isa = PBXFileReference; lastKnownFileType = sourcecode.swift; path = FlushUITests.swift; sourceTree = "<group>"; };
		4762533C2B84377D0014D6C3 /* FlushModel.framework */ = {isa = PBXFileReference; explicitFileType = wrapper.framework; includeInIndex = 0; path = FlushModel.framework; sourceTree = BUILT_PRODUCTS_DIR; };
		4762533E2B84377D0014D6C3 /* FlushModel.h */ = {isa = PBXFileReference; lastKnownFileType = sourcecode.c.h; path = FlushModel.h; sourceTree = "<group>"; };
		476253432B84377D0014D6C3 /* FlushModelTests.xctest */ = {isa = PBXFileReference; explicitFileType = wrapper.cfbundle; includeInIndex = 0; path = FlushModelTests.xctest; sourceTree = BUILT_PRODUCTS_DIR; };
		476253482B84377D0014D6C3 /* FlushModelTests.swift */ = {isa = PBXFileReference; lastKnownFileType = sourcecode.swift; path = FlushModelTests.swift; sourceTree = "<group>"; };
		476253622B85485A0014D6C3 /* RankRateService.framework */ = {isa = PBXFileReference; explicitFileType = wrapper.framework; includeInIndex = 0; path = RankRateService.framework; sourceTree = BUILT_PRODUCTS_DIR; };
		476253642B85485A0014D6C3 /* RankRateService.h */ = {isa = PBXFileReference; lastKnownFileType = sourcecode.c.h; path = RankRateService.h; sourceTree = "<group>"; };
		476253692B85485A0014D6C3 /* RankRateServiceTests.xctest */ = {isa = PBXFileReference; explicitFileType = wrapper.cfbundle; includeInIndex = 0; path = RankRateServiceTests.xctest; sourceTree = BUILT_PRODUCTS_DIR; };
		4762536E2B85485A0014D6C3 /* RankRateServiceTests.swift */ = {isa = PBXFileReference; lastKnownFileType = sourcecode.swift; path = RankRateServiceTests.swift; sourceTree = "<group>"; };
		476253812B8549630014D6C3 /* Board.swift */ = {isa = PBXFileReference; lastKnownFileType = sourcecode.swift; path = Board.swift; sourceTree = "<group>"; };
		47A0FCBF2B2927F500F00760 /* CardView.swift */ = {isa = PBXFileReference; lastKnownFileType = sourcecode.swift; path = CardView.swift; sourceTree = "<group>"; };
		47A0FCC12B29351700F00760 /* PlaceholderView.swift */ = {isa = PBXFileReference; lastKnownFileType = sourcecode.swift; path = PlaceholderView.swift; sourceTree = "<group>"; };
/* End PBXFileReference section */

/* Begin PBXFrameworksBuildPhase section */
		4708068E2B290820006F37E2 /* Frameworks */ = {
			isa = PBXFrameworksBuildPhase;
			buildActionMask = 2147483647;
			files = (
				47870BF42B86CE5500C4D2B0 /* FlushUI.framework in Frameworks */,
				476253182B8434B90014D6C3 /* ComposableArchitecture in Frameworks */,
				47870BF92B86CE5900C4D2B0 /* RankRateService.framework in Frameworks */,
				47870BEF2B86CE5000C4D2B0 /* FlushModel.framework in Frameworks */,
			);
			runOnlyForDeploymentPostprocessing = 0;
		};
		4708069E2B290821006F37E2 /* Frameworks */ = {
			isa = PBXFrameworksBuildPhase;
			buildActionMask = 2147483647;
			files = (
			);
			runOnlyForDeploymentPostprocessing = 0;
		};
		470806A82B290821006F37E2 /* Frameworks */ = {
			isa = PBXFrameworksBuildPhase;
			buildActionMask = 2147483647;
			files = (
			);
			runOnlyForDeploymentPostprocessing = 0;
		};
		470806C02B290944006F37E2 /* Frameworks */ = {
			isa = PBXFrameworksBuildPhase;
			buildActionMask = 2147483647;
			files = (
			);
			runOnlyForDeploymentPostprocessing = 0;
		};
		470806CF2B290945006F37E2 /* Frameworks */ = {
			isa = PBXFrameworksBuildPhase;
			buildActionMask = 2147483647;
			files = (
			);
			runOnlyForDeploymentPostprocessing = 0;
		};
		470806D92B290945006F37E2 /* Frameworks */ = {
			isa = PBXFrameworksBuildPhase;
			buildActionMask = 2147483647;
			files = (
			);
			runOnlyForDeploymentPostprocessing = 0;
		};
		4762531B2B8435DC0014D6C3 /* Frameworks */ = {
			isa = PBXFrameworksBuildPhase;
			buildActionMask = 2147483647;
			files = (
			);
			runOnlyForDeploymentPostprocessing = 0;
		};
		476253222B8435DC0014D6C3 /* Frameworks */ = {
			isa = PBXFrameworksBuildPhase;
			buildActionMask = 2147483647;
			files = (
				476253262B8435DC0014D6C3 /* FlushUI.framework in Frameworks */,
			);
			runOnlyForDeploymentPostprocessing = 0;
		};
		476253392B84377D0014D6C3 /* Frameworks */ = {
			isa = PBXFrameworksBuildPhase;
			buildActionMask = 2147483647;
			files = (
			);
			runOnlyForDeploymentPostprocessing = 0;
		};
		476253402B84377D0014D6C3 /* Frameworks */ = {
			isa = PBXFrameworksBuildPhase;
			buildActionMask = 2147483647;
			files = (
				476253442B84377D0014D6C3 /* FlushModel.framework in Frameworks */,
			);
			runOnlyForDeploymentPostprocessing = 0;
		};
		4762535F2B85485A0014D6C3 /* Frameworks */ = {
			isa = PBXFrameworksBuildPhase;
			buildActionMask = 2147483647;
			files = (
			);
			runOnlyForDeploymentPostprocessing = 0;
		};
		476253662B85485A0014D6C3 /* Frameworks */ = {
			isa = PBXFrameworksBuildPhase;
			buildActionMask = 2147483647;
			files = (
				4762536A2B85485A0014D6C3 /* RankRateService.framework in Frameworks */,
			);
			runOnlyForDeploymentPostprocessing = 0;
		};
/* End PBXFrameworksBuildPhase section */

/* Begin PBXGroup section */
		470440522B2A833500DF853A /* CardsPicker */ = {
			isa = PBXGroup;
			children = (
				470440442B2A72E100DF853A /* CardsPickerView.swift */,
				470440482B2A828200DF853A /* CardsPickerViewModel.swift */,
			);
			path = CardsPicker;
			sourceTree = "<group>";
		};
		470440552B2A836800DF853A /* RankResult */ = {
			isa = PBXGroup;
			children = (
				470440462B2A819800DF853A /* ResultView.swift */,
				4704404E2B2A82F200DF853A /* ResultViewModel.swift */,
			);
			path = RankResult;
			sourceTree = "<group>";
		};
		470806882B290820006F37E2 = {
			isa = PBXGroup;
			children = (
				470806932B290820006F37E2 /* Flush */,
				470806A42B290821006F37E2 /* FlushTests */,
				470806AE2B290821006F37E2 /* FlushUITests */,
				470806C42B290944006F37E2 /* FlushWatch Watch App */,
				470806D52B290945006F37E2 /* FlushWatch Watch AppTests */,
				470806DF2B290945006F37E2 /* FlushWatch Watch AppUITests */,
				4762531F2B8435DC0014D6C3 /* FlushUI */,
				476253292B8435DC0014D6C3 /* FlushUITests */,
				4762533D2B84377D0014D6C3 /* FlushModel */,
				476253472B84377D0014D6C3 /* FlushModelTests */,
				476253632B85485A0014D6C3 /* RankRateService */,
				4762536D2B85485A0014D6C3 /* RankRateServiceTests */,
				470806922B290820006F37E2 /* Products */,
				47870BEE2B86CE5000C4D2B0 /* Frameworks */,
			);
			sourceTree = "<group>";
		};
		470806922B290820006F37E2 /* Products */ = {
			isa = PBXGroup;
			children = (
				470806912B290820006F37E2 /* Flush.app */,
				470806A12B290821006F37E2 /* FlushTests.xctest */,
				470806AB2B290821006F37E2 /* FlushUITests.xctest */,
				470806C32B290944006F37E2 /* FlushWatch Watch App.app */,
				470806D22B290945006F37E2 /* FlushWatch Watch AppTests.xctest */,
				470806DC2B290945006F37E2 /* FlushWatch Watch AppUITests.xctest */,
				4762531E2B8435DC0014D6C3 /* FlushUI.framework */,
				476253252B8435DC0014D6C3 /* FlushUITests.xctest */,
				4762533C2B84377D0014D6C3 /* FlushModel.framework */,
				476253432B84377D0014D6C3 /* FlushModelTests.xctest */,
				476253622B85485A0014D6C3 /* RankRateService.framework */,
				476253692B85485A0014D6C3 /* RankRateServiceTests.xctest */,
			);
			name = Products;
			sourceTree = "<group>";
		};
		470806932B290820006F37E2 /* Flush */ = {
			isa = PBXGroup;
			children = (
				470806942B290820006F37E2 /* FlushApp.swift */,
				470806962B290820006F37E2 /* ContentView.swift */,
				470806982B290821006F37E2 /* Assets.xcassets */,
				4708069A2B290821006F37E2 /* Preview Content */,
			);
			path = Flush;
			sourceTree = "<group>";
		};
		4708069A2B290821006F37E2 /* Preview Content */ = {
			isa = PBXGroup;
			children = (
				4708069B2B290821006F37E2 /* Preview Assets.xcassets */,
			);
			path = "Preview Content";
			sourceTree = "<group>";
		};
		470806A42B290821006F37E2 /* FlushTests */ = {
			isa = PBXGroup;
			children = (
				470806A52B290821006F37E2 /* FlushTests.swift */,
			);
			path = FlushTests;
			sourceTree = "<group>";
		};
		470806AE2B290821006F37E2 /* FlushUITests */ = {
			isa = PBXGroup;
			children = (
				470806AF2B290821006F37E2 /* FlushUITests.swift */,
				470806B12B290821006F37E2 /* FlushUITestsLaunchTests.swift */,
			);
			path = FlushUITests;
			sourceTree = "<group>";
		};
		470806C42B290944006F37E2 /* FlushWatch Watch App */ = {
			isa = PBXGroup;
			children = (
				470806C52B290944006F37E2 /* FlushWatchApp.swift */,
				470440522B2A833500DF853A /* CardsPicker */,
				470440552B2A836800DF853A /* RankResult */,
				470806C92B290945006F37E2 /* Assets.xcassets */,
				470806CB2B290945006F37E2 /* Preview Content */,
			);
			path = "FlushWatch Watch App";
			sourceTree = "<group>";
		};
		470806CB2B290945006F37E2 /* Preview Content */ = {
			isa = PBXGroup;
			children = (
				470806CC2B290945006F37E2 /* Preview Assets.xcassets */,
			);
			path = "Preview Content";
			sourceTree = "<group>";
		};
		470806D52B290945006F37E2 /* FlushWatch Watch AppTests */ = {
			isa = PBXGroup;
			children = (
				470806D62B290945006F37E2 /* FlushWatch_Watch_AppTests.swift */,
				475D331A2B2CF27B00EAC209 /* RankCheckerTests.swift */,
				475D331C2B2D2EA300EAC209 /* NumberTests.swift */,
			);
			path = "FlushWatch Watch AppTests";
			sourceTree = "<group>";
		};
		470806DF2B290945006F37E2 /* FlushWatch Watch AppUITests */ = {
			isa = PBXGroup;
			children = (
				470806E02B290945006F37E2 /* FlushWatch_Watch_AppUITests.swift */,
				470806E22B290945006F37E2 /* FlushWatch_Watch_AppUITestsLaunchTests.swift */,
			);
			path = "FlushWatch Watch AppUITests";
			sourceTree = "<group>";
		};
		4762531F2B8435DC0014D6C3 /* FlushUI */ = {
			isa = PBXGroup;
			children = (
				4762535C2B8547D90014D6C3 /* Players */,
				4762535B2B85473A0014D6C3 /* Rank */,
				476253572B8546720014D6C3 /* Cards */,
				476253202B8435DC0014D6C3 /* FlushUI.h */,
			);
			path = FlushUI;
			sourceTree = "<group>";
		};
		476253292B8435DC0014D6C3 /* FlushUITests */ = {
			isa = PBXGroup;
			children = (
				4762532A2B8435DC0014D6C3 /* FlushUITests.swift */,
			);
			path = FlushUITests;
			sourceTree = "<group>";
		};
		4762533D2B84377D0014D6C3 /* FlushModel */ = {
			isa = PBXGroup;
			children = (
				476253852B855A640014D6C3 /* Board */,
				476253832B855A490014D6C3 /* Card */,
				476253842B855A5A0014D6C3 /* Rank */,
				4762533E2B84377D0014D6C3 /* FlushModel.h */,
			);
			path = FlushModel;
			sourceTree = "<group>";
		};
		476253472B84377D0014D6C3 /* FlushModelTests */ = {
			isa = PBXGroup;
			children = (
				476253482B84377D0014D6C3 /* FlushModelTests.swift */,
			);
			path = FlushModelTests;
			sourceTree = "<group>";
		};
		476253572B8546720014D6C3 /* Cards */ = {
			isa = PBXGroup;
			children = (
				47A0FCC12B29351700F00760 /* PlaceholderView.swift */,
				47A0FCBF2B2927F500F00760 /* CardView.swift */,
				471E63AD2B33A9C40067C020 /* CardPickerDetailsView.swift */,
			);
			path = Cards;
			sourceTree = "<group>";
		};
		4762535B2B85473A0014D6C3 /* Rank */ = {
			isa = PBXGroup;
			children = (
				470440422B2A6FFA00DF853A /* RankRateView.swift */,
			);
			path = Rank;
			sourceTree = "<group>";
		};
		4762535C2B8547D90014D6C3 /* Players */ = {
			isa = PBXGroup;
			children = (
				475D331E2B2E3B8400EAC209 /* PlayersNumberView.swift */,
			);
			path = Players;
			sourceTree = "<group>";
		};
		476253632B85485A0014D6C3 /* RankRateService */ = {
			isa = PBXGroup;
			children = (
				475D33182B2BBB9600EAC209 /* RankManager.swift */,
				475D33152B2BBB5700EAC209 /* RankChecker.swift */,
				475D33202B2E759B00EAC209 /* RankBuilder.swift */,
				475B6B792B2F88840094B4C0 /* CompareCards.swift */,
				476253642B85485A0014D6C3 /* RankRateService.h */,
			);
			path = RankRateService;
			sourceTree = "<group>";
		};
		4762536D2B85485A0014D6C3 /* RankRateServiceTests */ = {
			isa = PBXGroup;
			children = (
				4762536E2B85485A0014D6C3 /* RankRateServiceTests.swift */,
			);
			path = RankRateServiceTests;
			sourceTree = "<group>";
		};
		476253832B855A490014D6C3 /* Card */ = {
			isa = PBXGroup;
			children = (
				4704404A2B2A82A800DF853A /* ListCard.swift */,
				4704404C2B2A82B800DF853A /* Card.swift */,
			);
			path = Card;
			sourceTree = "<group>";
		};
		476253842B855A5A0014D6C3 /* Rank */ = {
			isa = PBXGroup;
			children = (
				4704405A2B2AB17600DF853A /* Rank.swift */,
			);
			path = Rank;
			sourceTree = "<group>";
		};
		476253852B855A640014D6C3 /* Board */ = {
			isa = PBXGroup;
			children = (
				476253812B8549630014D6C3 /* Board.swift */,
			);
			path = Board;
			sourceTree = "<group>";
		};
		47870BEE2B86CE5000C4D2B0 /* Frameworks */ = {
			isa = PBXGroup;
			children = (
			);
			name = Frameworks;
			sourceTree = "<group>";
		};
/* End PBXGroup section */

/* Begin PBXHeadersBuildPhase section */
		476253192B8435DC0014D6C3 /* Headers */ = {
			isa = PBXHeadersBuildPhase;
			buildActionMask = 2147483647;
			files = (
				4762532C2B8435DC0014D6C3 /* FlushUI.h in Headers */,
			);
			runOnlyForDeploymentPostprocessing = 0;
		};
		476253372B84377D0014D6C3 /* Headers */ = {
			isa = PBXHeadersBuildPhase;
			buildActionMask = 2147483647;
			files = (
				4762534A2B84377D0014D6C3 /* FlushModel.h in Headers */,
			);
			runOnlyForDeploymentPostprocessing = 0;
		};
		4762535D2B85485A0014D6C3 /* Headers */ = {
			isa = PBXHeadersBuildPhase;
			buildActionMask = 2147483647;
			files = (
				476253702B85485A0014D6C3 /* RankRateService.h in Headers */,
			);
			runOnlyForDeploymentPostprocessing = 0;
		};
/* End PBXHeadersBuildPhase section */

/* Begin PBXNativeTarget section */
		470806902B290820006F37E2 /* Flush */ = {
			isa = PBXNativeTarget;
			buildConfigurationList = 470806B52B290821006F37E2 /* Build configuration list for PBXNativeTarget "Flush" */;
			buildPhases = (
				4708068D2B290820006F37E2 /* Sources */,
				4708068E2B290820006F37E2 /* Frameworks */,
				4708068F2B290820006F37E2 /* Resources */,
				470806EA2B290945006F37E2 /* Embed Watch Content */,
			);
			buildRules = (
			);
			dependencies = (
				470806E52B290945006F37E2 /* PBXTargetDependency */,
				47870BF22B86CE5000C4D2B0 /* PBXTargetDependency */,
				47870BF72B86CE5500C4D2B0 /* PBXTargetDependency */,
				47870BFC2B86CE5900C4D2B0 /* PBXTargetDependency */,
			);
			name = Flush;
			packageProductDependencies = (
				476253172B8434B90014D6C3 /* ComposableArchitecture */,
			);
			productName = Flush;
			productReference = 470806912B290820006F37E2 /* Flush.app */;
			productType = "com.apple.product-type.application";
		};
		470806A02B290821006F37E2 /* FlushTests */ = {
			isa = PBXNativeTarget;
			buildConfigurationList = 470806B82B290821006F37E2 /* Build configuration list for PBXNativeTarget "FlushTests" */;
			buildPhases = (
				4708069D2B290821006F37E2 /* Sources */,
				4708069E2B290821006F37E2 /* Frameworks */,
				4708069F2B290821006F37E2 /* Resources */,
			);
			buildRules = (
			);
			dependencies = (
				470806A32B290821006F37E2 /* PBXTargetDependency */,
			);
			name = FlushTests;
			productName = FlushTests;
			productReference = 470806A12B290821006F37E2 /* FlushTests.xctest */;
			productType = "com.apple.product-type.bundle.unit-test";
		};
		470806AA2B290821006F37E2 /* FlushUITests */ = {
			isa = PBXNativeTarget;
			buildConfigurationList = 470806BB2B290821006F37E2 /* Build configuration list for PBXNativeTarget "FlushUITests" */;
			buildPhases = (
				470806A72B290821006F37E2 /* Sources */,
				470806A82B290821006F37E2 /* Frameworks */,
				470806A92B290821006F37E2 /* Resources */,
			);
			buildRules = (
			);
			dependencies = (
				470806AD2B290821006F37E2 /* PBXTargetDependency */,
			);
			name = FlushUITests;
			productName = FlushUITests;
			productReference = 470806AB2B290821006F37E2 /* FlushUITests.xctest */;
			productType = "com.apple.product-type.bundle.ui-testing";
		};
		470806C22B290944006F37E2 /* FlushWatch Watch App */ = {
			isa = PBXNativeTarget;
			buildConfigurationList = 470806E72B290945006F37E2 /* Build configuration list for PBXNativeTarget "FlushWatch Watch App" */;
			buildPhases = (
				470806BF2B290944006F37E2 /* Sources */,
				470806C02B290944006F37E2 /* Frameworks */,
				470806C12B290944006F37E2 /* Resources */,
			);
			buildRules = (
			);
			dependencies = (
				4762537C2B8548870014D6C3 /* PBXTargetDependency */,
				476253552B8437EB0014D6C3 /* PBXTargetDependency */,
				476253342B8436260014D6C3 /* PBXTargetDependency */,
			);
			name = "FlushWatch Watch App";
			packageProductDependencies = (
			);
			productName = "FlushWatch Watch App";
			productReference = 470806C32B290944006F37E2 /* FlushWatch Watch App.app */;
			productType = "com.apple.product-type.application";
		};
		470806D12B290945006F37E2 /* FlushWatch Watch AppTests */ = {
			isa = PBXNativeTarget;
			buildConfigurationList = 470806EB2B290945006F37E2 /* Build configuration list for PBXNativeTarget "FlushWatch Watch AppTests" */;
			buildPhases = (
				470806CE2B290945006F37E2 /* Sources */,
				470806CF2B290945006F37E2 /* Frameworks */,
				470806D02B290945006F37E2 /* Resources */,
			);
			buildRules = (
			);
			dependencies = (
				470806D42B290945006F37E2 /* PBXTargetDependency */,
			);
			name = "FlushWatch Watch AppTests";
			productName = "FlushWatch Watch AppTests";
			productReference = 470806D22B290945006F37E2 /* FlushWatch Watch AppTests.xctest */;
			productType = "com.apple.product-type.bundle.unit-test";
		};
		470806DB2B290945006F37E2 /* FlushWatch Watch AppUITests */ = {
			isa = PBXNativeTarget;
			buildConfigurationList = 470806EE2B290945006F37E2 /* Build configuration list for PBXNativeTarget "FlushWatch Watch AppUITests" */;
			buildPhases = (
				470806D82B290945006F37E2 /* Sources */,
				470806D92B290945006F37E2 /* Frameworks */,
				470806DA2B290945006F37E2 /* Resources */,
			);
			buildRules = (
			);
			dependencies = (
				470806DE2B290945006F37E2 /* PBXTargetDependency */,
			);
			name = "FlushWatch Watch AppUITests";
			productName = "FlushWatch Watch AppUITests";
			productReference = 470806DC2B290945006F37E2 /* FlushWatch Watch AppUITests.xctest */;
			productType = "com.apple.product-type.bundle.ui-testing";
		};
		4762531D2B8435DC0014D6C3 /* FlushUI */ = {
			isa = PBXNativeTarget;
			buildConfigurationList = 4762532D2B8435DC0014D6C3 /* Build configuration list for PBXNativeTarget "FlushUI" */;
			buildPhases = (
				476253192B8435DC0014D6C3 /* Headers */,
				4762531A2B8435DC0014D6C3 /* Sources */,
				4762531B2B8435DC0014D6C3 /* Frameworks */,
				4762531C2B8435DC0014D6C3 /* Resources */,
			);
			buildRules = (
			);
			dependencies = (
				476253802B8548E70014D6C3 /* PBXTargetDependency */,
				476253592B8546B70014D6C3 /* PBXTargetDependency */,
			);
			name = FlushUI;
			productName = FlushUI;
			productReference = 4762531E2B8435DC0014D6C3 /* FlushUI.framework */;
			productType = "com.apple.product-type.framework";
		};
		476253242B8435DC0014D6C3 /* FlushUITests */ = {
			isa = PBXNativeTarget;
			buildConfigurationList = 476253302B8435DC0014D6C3 /* Build configuration list for PBXNativeTarget "FlushUITests" */;
			buildPhases = (
				476253212B8435DC0014D6C3 /* Sources */,
				476253222B8435DC0014D6C3 /* Frameworks */,
				476253232B8435DC0014D6C3 /* Resources */,
			);
			buildRules = (
			);
			dependencies = (
				476253282B8435DC0014D6C3 /* PBXTargetDependency */,
				47D86F6F2B8D372E00615594 /* PBXTargetDependency */,
			);
			name = FlushUITests;
			productName = FlushUITests;
			productReference = 476253252B8435DC0014D6C3 /* FlushUITests.xctest */;
			productType = "com.apple.product-type.bundle.unit-test";
		};
		4762533B2B84377D0014D6C3 /* FlushModel */ = {
			isa = PBXNativeTarget;
			buildConfigurationList = 4762534B2B84377D0014D6C3 /* Build configuration list for PBXNativeTarget "FlushModel" */;
			buildPhases = (
				476253372B84377D0014D6C3 /* Headers */,
				476253382B84377D0014D6C3 /* Sources */,
				476253392B84377D0014D6C3 /* Frameworks */,
				4762533A2B84377D0014D6C3 /* Resources */,
			);
			buildRules = (
			);
			dependencies = (
			);
			name = FlushModel;
			productName = FlushModel;
			productReference = 4762533C2B84377D0014D6C3 /* FlushModel.framework */;
			productType = "com.apple.product-type.framework";
		};
		476253422B84377D0014D6C3 /* FlushModelTests */ = {
			isa = PBXNativeTarget;
			buildConfigurationList = 4762534E2B84377D0014D6C3 /* Build configuration list for PBXNativeTarget "FlushModelTests" */;
			buildPhases = (
				4762533F2B84377D0014D6C3 /* Sources */,
				476253402B84377D0014D6C3 /* Frameworks */,
				476253412B84377D0014D6C3 /* Resources */,
			);
			buildRules = (
			);
			dependencies = (
				476253462B84377D0014D6C3 /* PBXTargetDependency */,
				47D86F712B8D373700615594 /* PBXTargetDependency */,
			);
			name = FlushModelTests;
			productName = FlushModelTests;
			productReference = 476253432B84377D0014D6C3 /* FlushModelTests.xctest */;
			productType = "com.apple.product-type.bundle.unit-test";
		};
		476253612B85485A0014D6C3 /* RankRateService */ = {
			isa = PBXNativeTarget;
			buildConfigurationList = 476253712B85485A0014D6C3 /* Build configuration list for PBXNativeTarget "RankRateService" */;
			buildPhases = (
				4762535D2B85485A0014D6C3 /* Headers */,
				4762535E2B85485A0014D6C3 /* Sources */,
				4762535F2B85485A0014D6C3 /* Frameworks */,
				476253602B85485A0014D6C3 /* Resources */,
			);
			buildRules = (
			);
			dependencies = (
				4762537E2B85489B0014D6C3 /* PBXTargetDependency */,
			);
			name = RankRateService;
			productName = RankRateService;
			productReference = 476253622B85485A0014D6C3 /* RankRateService.framework */;
			productType = "com.apple.product-type.framework";
		};
		476253682B85485A0014D6C3 /* RankRateServiceTests */ = {
			isa = PBXNativeTarget;
			buildConfigurationList = 476253742B85485A0014D6C3 /* Build configuration list for PBXNativeTarget "RankRateServiceTests" */;
			buildPhases = (
				476253652B85485A0014D6C3 /* Sources */,
				476253662B85485A0014D6C3 /* Frameworks */,
				476253672B85485A0014D6C3 /* Resources */,
			);
			buildRules = (
			);
			dependencies = (
				4762536C2B85485A0014D6C3 /* PBXTargetDependency */,
				47D86F732B8D373E00615594 /* PBXTargetDependency */,
			);
			name = RankRateServiceTests;
			productName = RankRateServiceTests;
			productReference = 476253692B85485A0014D6C3 /* RankRateServiceTests.xctest */;
			productType = "com.apple.product-type.bundle.unit-test";
		};
/* End PBXNativeTarget section */

/* Begin PBXProject section */
		470806892B290820006F37E2 /* Project object */ = {
			isa = PBXProject;
			attributes = {
				BuildIndependentTargetsInParallel = 1;
				LastSwiftUpdateCheck = 1500;
				LastUpgradeCheck = 1500;
				TargetAttributes = {
					470806902B290820006F37E2 = {
						CreatedOnToolsVersion = 15.0.1;
					};
					470806A02B290821006F37E2 = {
						CreatedOnToolsVersion = 15.0.1;
						TestTargetID = 470806902B290820006F37E2;
					};
					470806AA2B290821006F37E2 = {
						CreatedOnToolsVersion = 15.0.1;
						TestTargetID = 470806902B290820006F37E2;
					};
					470806C22B290944006F37E2 = {
						CreatedOnToolsVersion = 15.0.1;
					};
					470806D12B290945006F37E2 = {
						CreatedOnToolsVersion = 15.0.1;
						TestTargetID = 470806C22B290944006F37E2;
					};
					470806DB2B290945006F37E2 = {
						CreatedOnToolsVersion = 15.0.1;
						TestTargetID = 470806C22B290944006F37E2;
					};
					4762531D2B8435DC0014D6C3 = {
						CreatedOnToolsVersion = 15.0.1;
					};
					476253242B8435DC0014D6C3 = {
						CreatedOnToolsVersion = 15.0.1;
						TestTargetID = 470806C22B290944006F37E2;
					};
					4762533B2B84377D0014D6C3 = {
						CreatedOnToolsVersion = 15.0.1;
					};
					476253422B84377D0014D6C3 = {
						CreatedOnToolsVersion = 15.0.1;
						TestTargetID = 470806C22B290944006F37E2;
					};
					476253612B85485A0014D6C3 = {
						CreatedOnToolsVersion = 15.0.1;
					};
					476253682B85485A0014D6C3 = {
						CreatedOnToolsVersion = 15.0.1;
						TestTargetID = 470806C22B290944006F37E2;
					};
				};
			};
			buildConfigurationList = 4708068C2B290820006F37E2 /* Build configuration list for PBXProject "Flush" */;
			compatibilityVersion = "Xcode 14.0";
			developmentRegion = en;
			hasScannedForEncodings = 0;
			knownRegions = (
				en,
				Base,
			);
			mainGroup = 470806882B290820006F37E2;
			packageReferences = (
				476253162B8434B90014D6C3 /* XCRemoteSwiftPackageReference "swift-composable-architecture" */,
			);
			productRefGroup = 470806922B290820006F37E2 /* Products */;
			projectDirPath = "";
			projectRoot = "";
			targets = (
				470806902B290820006F37E2 /* Flush */,
				470806A02B290821006F37E2 /* FlushTests */,
				470806AA2B290821006F37E2 /* FlushUITests */,
				470806C22B290944006F37E2 /* FlushWatch Watch App */,
				470806D12B290945006F37E2 /* FlushWatch Watch AppTests */,
				470806DB2B290945006F37E2 /* FlushWatch Watch AppUITests */,
				4762531D2B8435DC0014D6C3 /* FlushUI */,
				476253242B8435DC0014D6C3 /* FlushUITests */,
				4762533B2B84377D0014D6C3 /* FlushModel */,
				476253422B84377D0014D6C3 /* FlushModelTests */,
				476253612B85485A0014D6C3 /* RankRateService */,
				476253682B85485A0014D6C3 /* RankRateServiceTests */,
			);
		};
/* End PBXProject section */

/* Begin PBXResourcesBuildPhase section */
		4708068F2B290820006F37E2 /* Resources */ = {
			isa = PBXResourcesBuildPhase;
			buildActionMask = 2147483647;
			files = (
				4708069C2B290821006F37E2 /* Preview Assets.xcassets in Resources */,
				470806992B290821006F37E2 /* Assets.xcassets in Resources */,
			);
			runOnlyForDeploymentPostprocessing = 0;
		};
		4708069F2B290821006F37E2 /* Resources */ = {
			isa = PBXResourcesBuildPhase;
			buildActionMask = 2147483647;
			files = (
			);
			runOnlyForDeploymentPostprocessing = 0;
		};
		470806A92B290821006F37E2 /* Resources */ = {
			isa = PBXResourcesBuildPhase;
			buildActionMask = 2147483647;
			files = (
			);
			runOnlyForDeploymentPostprocessing = 0;
		};
		470806C12B290944006F37E2 /* Resources */ = {
			isa = PBXResourcesBuildPhase;
			buildActionMask = 2147483647;
			files = (
				470806CD2B290945006F37E2 /* Preview Assets.xcassets in Resources */,
				470806CA2B290945006F37E2 /* Assets.xcassets in Resources */,
			);
			runOnlyForDeploymentPostprocessing = 0;
		};
		470806D02B290945006F37E2 /* Resources */ = {
			isa = PBXResourcesBuildPhase;
			buildActionMask = 2147483647;
			files = (
			);
			runOnlyForDeploymentPostprocessing = 0;
		};
		470806DA2B290945006F37E2 /* Resources */ = {
			isa = PBXResourcesBuildPhase;
			buildActionMask = 2147483647;
			files = (
			);
			runOnlyForDeploymentPostprocessing = 0;
		};
		4762531C2B8435DC0014D6C3 /* Resources */ = {
			isa = PBXResourcesBuildPhase;
			buildActionMask = 2147483647;
			files = (
			);
			runOnlyForDeploymentPostprocessing = 0;
		};
		476253232B8435DC0014D6C3 /* Resources */ = {
			isa = PBXResourcesBuildPhase;
			buildActionMask = 2147483647;
			files = (
			);
			runOnlyForDeploymentPostprocessing = 0;
		};
		4762533A2B84377D0014D6C3 /* Resources */ = {
			isa = PBXResourcesBuildPhase;
			buildActionMask = 2147483647;
			files = (
			);
			runOnlyForDeploymentPostprocessing = 0;
		};
		476253412B84377D0014D6C3 /* Resources */ = {
			isa = PBXResourcesBuildPhase;
			buildActionMask = 2147483647;
			files = (
			);
			runOnlyForDeploymentPostprocessing = 0;
		};
		476253602B85485A0014D6C3 /* Resources */ = {
			isa = PBXResourcesBuildPhase;
			buildActionMask = 2147483647;
			files = (
			);
			runOnlyForDeploymentPostprocessing = 0;
		};
		476253672B85485A0014D6C3 /* Resources */ = {
			isa = PBXResourcesBuildPhase;
			buildActionMask = 2147483647;
			files = (
			);
			runOnlyForDeploymentPostprocessing = 0;
		};
/* End PBXResourcesBuildPhase section */

/* Begin PBXSourcesBuildPhase section */
		4708068D2B290820006F37E2 /* Sources */ = {
			isa = PBXSourcesBuildPhase;
			buildActionMask = 2147483647;
			files = (
				470806972B290820006F37E2 /* ContentView.swift in Sources */,
				470806952B290820006F37E2 /* FlushApp.swift in Sources */,
			);
			runOnlyForDeploymentPostprocessing = 0;
		};
		4708069D2B290821006F37E2 /* Sources */ = {
			isa = PBXSourcesBuildPhase;
			buildActionMask = 2147483647;
			files = (
				470806A62B290821006F37E2 /* FlushTests.swift in Sources */,
			);
			runOnlyForDeploymentPostprocessing = 0;
		};
		470806A72B290821006F37E2 /* Sources */ = {
			isa = PBXSourcesBuildPhase;
			buildActionMask = 2147483647;
			files = (
				470806B02B290821006F37E2 /* FlushUITests.swift in Sources */,
				470806B22B290821006F37E2 /* FlushUITestsLaunchTests.swift in Sources */,
			);
			runOnlyForDeploymentPostprocessing = 0;
		};
		470806BF2B290944006F37E2 /* Sources */ = {
			isa = PBXSourcesBuildPhase;
			buildActionMask = 2147483647;
			files = (
				475D331F2B2E3B8400EAC209 /* PlayersNumberView.swift in Sources */,
				470440472B2A819800DF853A /* ResultView.swift in Sources */,
				470440492B2A828200DF853A /* CardsPickerViewModel.swift in Sources */,
				470440432B2A6FFA00DF853A /* RankRateView.swift in Sources */,
				4704404F2B2A82F200DF853A /* ResultViewModel.swift in Sources */,
				470806C62B290944006F37E2 /* FlushWatchApp.swift in Sources */,
				470440452B2A72E100DF853A /* CardsPickerView.swift in Sources */,
			);
			runOnlyForDeploymentPostprocessing = 0;
		};
		470806CE2B290945006F37E2 /* Sources */ = {
			isa = PBXSourcesBuildPhase;
			buildActionMask = 2147483647;
			files = (
				475D331D2B2D2EA300EAC209 /* NumberTests.swift in Sources */,
				470806D72B290945006F37E2 /* FlushWatch_Watch_AppTests.swift in Sources */,
				475D331B2B2CF27B00EAC209 /* RankCheckerTests.swift in Sources */,
			);
			runOnlyForDeploymentPostprocessing = 0;
		};
		470806D82B290945006F37E2 /* Sources */ = {
			isa = PBXSourcesBuildPhase;
			buildActionMask = 2147483647;
			files = (
				470806E12B290945006F37E2 /* FlushWatch_Watch_AppUITests.swift in Sources */,
				470806E32B290945006F37E2 /* FlushWatch_Watch_AppUITestsLaunchTests.swift in Sources */,
			);
			runOnlyForDeploymentPostprocessing = 0;
		};
		4762531A2B8435DC0014D6C3 /* Sources */ = {
			isa = PBXSourcesBuildPhase;
			buildActionMask = 2147483647;
			files = (
				4762535A2B8547040014D6C3 /* PlaceholderView.swift in Sources */,
				476253562B85465A0014D6C3 /* CardView.swift in Sources */,
				476253862B855A9D0014D6C3 /* CardPickerDetailsView.swift in Sources */,
			);
			runOnlyForDeploymentPostprocessing = 0;
		};
		476253212B8435DC0014D6C3 /* Sources */ = {
			isa = PBXSourcesBuildPhase;
			buildActionMask = 2147483647;
			files = (
				4762532B2B8435DC0014D6C3 /* FlushUITests.swift in Sources */,
			);
			runOnlyForDeploymentPostprocessing = 0;
		};
		476253382B84377D0014D6C3 /* Sources */ = {
			isa = PBXSourcesBuildPhase;
			buildActionMask = 2147483647;
			files = (
				476253512B8437C10014D6C3 /* ListCard.swift in Sources */,
				476253532B8437C10014D6C3 /* Card.swift in Sources */,
				476253822B8549630014D6C3 /* Board.swift in Sources */,
				476253522B8437C10014D6C3 /* Rank.swift in Sources */,
			);
			runOnlyForDeploymentPostprocessing = 0;
		};
		4762533F2B84377D0014D6C3 /* Sources */ = {
			isa = PBXSourcesBuildPhase;
			buildActionMask = 2147483647;
			files = (
				476253492B84377D0014D6C3 /* FlushModelTests.swift in Sources */,
			);
			runOnlyForDeploymentPostprocessing = 0;
		};
		4762535E2B85485A0014D6C3 /* Sources */ = {
			isa = PBXSourcesBuildPhase;
			buildActionMask = 2147483647;
			files = (
				476253772B8548700014D6C3 /* RankBuilder.swift in Sources */,
				4762537A2B8548700014D6C3 /* RankChecker.swift in Sources */,
				476253792B8548700014D6C3 /* RankManager.swift in Sources */,
				476253782B8548700014D6C3 /* CompareCards.swift in Sources */,
			);
			runOnlyForDeploymentPostprocessing = 0;
		};
		476253652B85485A0014D6C3 /* Sources */ = {
			isa = PBXSourcesBuildPhase;
			buildActionMask = 2147483647;
			files = (
				4762536F2B85485A0014D6C3 /* RankRateServiceTests.swift in Sources */,
			);
			runOnlyForDeploymentPostprocessing = 0;
		};
/* End PBXSourcesBuildPhase section */

/* Begin PBXTargetDependency section */
		470806A32B290821006F37E2 /* PBXTargetDependency */ = {
			isa = PBXTargetDependency;
			target = 470806902B290820006F37E2 /* Flush */;
			targetProxy = 470806A22B290821006F37E2 /* PBXContainerItemProxy */;
		};
		470806AD2B290821006F37E2 /* PBXTargetDependency */ = {
			isa = PBXTargetDependency;
			target = 470806902B290820006F37E2 /* Flush */;
			targetProxy = 470806AC2B290821006F37E2 /* PBXContainerItemProxy */;
		};
		470806D42B290945006F37E2 /* PBXTargetDependency */ = {
			isa = PBXTargetDependency;
			target = 470806C22B290944006F37E2 /* FlushWatch Watch App */;
			targetProxy = 470806D32B290945006F37E2 /* PBXContainerItemProxy */;
		};
		470806DE2B290945006F37E2 /* PBXTargetDependency */ = {
			isa = PBXTargetDependency;
			target = 470806C22B290944006F37E2 /* FlushWatch Watch App */;
			targetProxy = 470806DD2B290945006F37E2 /* PBXContainerItemProxy */;
		};
		470806E52B290945006F37E2 /* PBXTargetDependency */ = {
			isa = PBXTargetDependency;
			target = 470806C22B290944006F37E2 /* FlushWatch Watch App */;
			targetProxy = 470806E42B290945006F37E2 /* PBXContainerItemProxy */;
		};
		476253282B8435DC0014D6C3 /* PBXTargetDependency */ = {
			isa = PBXTargetDependency;
			target = 4762531D2B8435DC0014D6C3 /* FlushUI */;
			targetProxy = 476253272B8435DC0014D6C3 /* PBXContainerItemProxy */;
		};
		476253342B8436260014D6C3 /* PBXTargetDependency */ = {
			isa = PBXTargetDependency;
			target = 4762531D2B8435DC0014D6C3 /* FlushUI */;
			targetProxy = 476253332B8436260014D6C3 /* PBXContainerItemProxy */;
		};
		476253462B84377D0014D6C3 /* PBXTargetDependency */ = {
			isa = PBXTargetDependency;
			target = 4762533B2B84377D0014D6C3 /* FlushModel */;
			targetProxy = 476253452B84377D0014D6C3 /* PBXContainerItemProxy */;
		};
		476253552B8437EB0014D6C3 /* PBXTargetDependency */ = {
			isa = PBXTargetDependency;
			target = 4762533B2B84377D0014D6C3 /* FlushModel */;
			targetProxy = 476253542B8437EB0014D6C3 /* PBXContainerItemProxy */;
		};
		476253592B8546B70014D6C3 /* PBXTargetDependency */ = {
			isa = PBXTargetDependency;
			target = 4762533B2B84377D0014D6C3 /* FlushModel */;
			targetProxy = 476253582B8546B70014D6C3 /* PBXContainerItemProxy */;
		};
		4762536C2B85485A0014D6C3 /* PBXTargetDependency */ = {
			isa = PBXTargetDependency;
			target = 476253612B85485A0014D6C3 /* RankRateService */;
			targetProxy = 4762536B2B85485A0014D6C3 /* PBXContainerItemProxy */;
		};
		4762537C2B8548870014D6C3 /* PBXTargetDependency */ = {
			isa = PBXTargetDependency;
			target = 476253612B85485A0014D6C3 /* RankRateService */;
			targetProxy = 4762537B2B8548870014D6C3 /* PBXContainerItemProxy */;
		};
		4762537E2B85489B0014D6C3 /* PBXTargetDependency */ = {
			isa = PBXTargetDependency;
			target = 4762533B2B84377D0014D6C3 /* FlushModel */;
			targetProxy = 4762537D2B85489B0014D6C3 /* PBXContainerItemProxy */;
		};
		476253802B8548E70014D6C3 /* PBXTargetDependency */ = {
			isa = PBXTargetDependency;
			target = 476253612B85485A0014D6C3 /* RankRateService */;
			targetProxy = 4762537F2B8548E70014D6C3 /* PBXContainerItemProxy */;
		};
		47870BF22B86CE5000C4D2B0 /* PBXTargetDependency */ = {
			isa = PBXTargetDependency;
			target = 4762533B2B84377D0014D6C3 /* FlushModel */;
			targetProxy = 47870BF12B86CE5000C4D2B0 /* PBXContainerItemProxy */;
		};
		47870BF72B86CE5500C4D2B0 /* PBXTargetDependency */ = {
			isa = PBXTargetDependency;
			target = 4762531D2B8435DC0014D6C3 /* FlushUI */;
			targetProxy = 47870BF62B86CE5500C4D2B0 /* PBXContainerItemProxy */;
		};
		47870BFC2B86CE5900C4D2B0 /* PBXTargetDependency */ = {
			isa = PBXTargetDependency;
			target = 476253612B85485A0014D6C3 /* RankRateService */;
			targetProxy = 47870BFB2B86CE5900C4D2B0 /* PBXContainerItemProxy */;
		};
		47D86F6F2B8D372E00615594 /* PBXTargetDependency */ = {
			isa = PBXTargetDependency;
			target = 470806C22B290944006F37E2 /* FlushWatch Watch App */;
			targetProxy = 47D86F6E2B8D372E00615594 /* PBXContainerItemProxy */;
		};
		47D86F712B8D373700615594 /* PBXTargetDependency */ = {
			isa = PBXTargetDependency;
			target = 470806C22B290944006F37E2 /* FlushWatch Watch App */;
			targetProxy = 47D86F702B8D373700615594 /* PBXContainerItemProxy */;
		};
		47D86F732B8D373E00615594 /* PBXTargetDependency */ = {
			isa = PBXTargetDependency;
			target = 470806C22B290944006F37E2 /* FlushWatch Watch App */;
			targetProxy = 47D86F722B8D373E00615594 /* PBXContainerItemProxy */;
		};
/* End PBXTargetDependency section */

/* Begin XCBuildConfiguration section */
		470806B32B290821006F37E2 /* Debug */ = {
			isa = XCBuildConfiguration;
			buildSettings = {
				ALWAYS_SEARCH_USER_PATHS = NO;
				ASSETCATALOG_COMPILER_GENERATE_SWIFT_ASSET_SYMBOL_EXTENSIONS = YES;
				CLANG_ANALYZER_NONNULL = YES;
				CLANG_ANALYZER_NUMBER_OBJECT_CONVERSION = YES_AGGRESSIVE;
				CLANG_CXX_LANGUAGE_STANDARD = "gnu++20";
				CLANG_ENABLE_MODULES = YES;
				CLANG_ENABLE_OBJC_ARC = YES;
				CLANG_ENABLE_OBJC_WEAK = YES;
				CLANG_WARN_BLOCK_CAPTURE_AUTORELEASING = YES;
				CLANG_WARN_BOOL_CONVERSION = YES;
				CLANG_WARN_COMMA = YES;
				CLANG_WARN_CONSTANT_CONVERSION = YES;
				CLANG_WARN_DEPRECATED_OBJC_IMPLEMENTATIONS = YES;
				CLANG_WARN_DIRECT_OBJC_ISA_USAGE = YES_ERROR;
				CLANG_WARN_DOCUMENTATION_COMMENTS = YES;
				CLANG_WARN_EMPTY_BODY = YES;
				CLANG_WARN_ENUM_CONVERSION = YES;
				CLANG_WARN_INFINITE_RECURSION = YES;
				CLANG_WARN_INT_CONVERSION = YES;
				CLANG_WARN_NON_LITERAL_NULL_CONVERSION = YES;
				CLANG_WARN_OBJC_IMPLICIT_RETAIN_SELF = YES;
				CLANG_WARN_OBJC_LITERAL_CONVERSION = YES;
				CLANG_WARN_OBJC_ROOT_CLASS = YES_ERROR;
				CLANG_WARN_QUOTED_INCLUDE_IN_FRAMEWORK_HEADER = YES;
				CLANG_WARN_RANGE_LOOP_ANALYSIS = YES;
				CLANG_WARN_STRICT_PROTOTYPES = YES;
				CLANG_WARN_SUSPICIOUS_MOVE = YES;
				CLANG_WARN_UNGUARDED_AVAILABILITY = YES_AGGRESSIVE;
				CLANG_WARN_UNREACHABLE_CODE = YES;
				CLANG_WARN__DUPLICATE_METHOD_MATCH = YES;
				COPY_PHASE_STRIP = NO;
				DEBUG_INFORMATION_FORMAT = dwarf;
				ENABLE_STRICT_OBJC_MSGSEND = YES;
				ENABLE_TESTABILITY = YES;
				ENABLE_USER_SCRIPT_SANDBOXING = YES;
				GCC_C_LANGUAGE_STANDARD = gnu17;
				GCC_DYNAMIC_NO_PIC = NO;
				GCC_NO_COMMON_BLOCKS = YES;
				GCC_OPTIMIZATION_LEVEL = 0;
				GCC_PREPROCESSOR_DEFINITIONS = (
					"DEBUG=1",
					"$(inherited)",
				);
				GCC_WARN_64_TO_32_BIT_CONVERSION = YES;
				GCC_WARN_ABOUT_RETURN_TYPE = YES_ERROR;
				GCC_WARN_UNDECLARED_SELECTOR = YES;
				GCC_WARN_UNINITIALIZED_AUTOS = YES_AGGRESSIVE;
				GCC_WARN_UNUSED_FUNCTION = YES;
				GCC_WARN_UNUSED_VARIABLE = YES;
				IPHONEOS_DEPLOYMENT_TARGET = 17.0;
				LOCALIZATION_PREFERS_STRING_CATALOGS = YES;
				MTL_ENABLE_DEBUG_INFO = INCLUDE_SOURCE;
				MTL_FAST_MATH = YES;
				ONLY_ACTIVE_ARCH = YES;
				SDKROOT = iphoneos;
				SWIFT_ACTIVE_COMPILATION_CONDITIONS = "DEBUG $(inherited)";
				SWIFT_OPTIMIZATION_LEVEL = "-Onone";
			};
			name = Debug;
		};
		470806B42B290821006F37E2 /* Release */ = {
			isa = XCBuildConfiguration;
			buildSettings = {
				ALWAYS_SEARCH_USER_PATHS = NO;
				ASSETCATALOG_COMPILER_GENERATE_SWIFT_ASSET_SYMBOL_EXTENSIONS = YES;
				CLANG_ANALYZER_NONNULL = YES;
				CLANG_ANALYZER_NUMBER_OBJECT_CONVERSION = YES_AGGRESSIVE;
				CLANG_CXX_LANGUAGE_STANDARD = "gnu++20";
				CLANG_ENABLE_MODULES = YES;
				CLANG_ENABLE_OBJC_ARC = YES;
				CLANG_ENABLE_OBJC_WEAK = YES;
				CLANG_WARN_BLOCK_CAPTURE_AUTORELEASING = YES;
				CLANG_WARN_BOOL_CONVERSION = YES;
				CLANG_WARN_COMMA = YES;
				CLANG_WARN_CONSTANT_CONVERSION = YES;
				CLANG_WARN_DEPRECATED_OBJC_IMPLEMENTATIONS = YES;
				CLANG_WARN_DIRECT_OBJC_ISA_USAGE = YES_ERROR;
				CLANG_WARN_DOCUMENTATION_COMMENTS = YES;
				CLANG_WARN_EMPTY_BODY = YES;
				CLANG_WARN_ENUM_CONVERSION = YES;
				CLANG_WARN_INFINITE_RECURSION = YES;
				CLANG_WARN_INT_CONVERSION = YES;
				CLANG_WARN_NON_LITERAL_NULL_CONVERSION = YES;
				CLANG_WARN_OBJC_IMPLICIT_RETAIN_SELF = YES;
				CLANG_WARN_OBJC_LITERAL_CONVERSION = YES;
				CLANG_WARN_OBJC_ROOT_CLASS = YES_ERROR;
				CLANG_WARN_QUOTED_INCLUDE_IN_FRAMEWORK_HEADER = YES;
				CLANG_WARN_RANGE_LOOP_ANALYSIS = YES;
				CLANG_WARN_STRICT_PROTOTYPES = YES;
				CLANG_WARN_SUSPICIOUS_MOVE = YES;
				CLANG_WARN_UNGUARDED_AVAILABILITY = YES_AGGRESSIVE;
				CLANG_WARN_UNREACHABLE_CODE = YES;
				CLANG_WARN__DUPLICATE_METHOD_MATCH = YES;
				COPY_PHASE_STRIP = NO;
				DEBUG_INFORMATION_FORMAT = "dwarf-with-dsym";
				ENABLE_NS_ASSERTIONS = NO;
				ENABLE_STRICT_OBJC_MSGSEND = YES;
				ENABLE_USER_SCRIPT_SANDBOXING = YES;
				GCC_C_LANGUAGE_STANDARD = gnu17;
				GCC_NO_COMMON_BLOCKS = YES;
				GCC_WARN_64_TO_32_BIT_CONVERSION = YES;
				GCC_WARN_ABOUT_RETURN_TYPE = YES_ERROR;
				GCC_WARN_UNDECLARED_SELECTOR = YES;
				GCC_WARN_UNINITIALIZED_AUTOS = YES_AGGRESSIVE;
				GCC_WARN_UNUSED_FUNCTION = YES;
				GCC_WARN_UNUSED_VARIABLE = YES;
				IPHONEOS_DEPLOYMENT_TARGET = 17.0;
				LOCALIZATION_PREFERS_STRING_CATALOGS = YES;
				MTL_ENABLE_DEBUG_INFO = NO;
				MTL_FAST_MATH = YES;
				SDKROOT = iphoneos;
				SWIFT_COMPILATION_MODE = wholemodule;
				VALIDATE_PRODUCT = YES;
			};
			name = Release;
		};
		470806B62B290821006F37E2 /* Debug */ = {
			isa = XCBuildConfiguration;
			buildSettings = {
				ALWAYS_EMBED_SWIFT_STANDARD_LIBRARIES = YES;
				ASSETCATALOG_COMPILER_APPICON_NAME = AppIcon;
				ASSETCATALOG_COMPILER_GLOBAL_ACCENT_COLOR_NAME = AccentColor;
				CODE_SIGN_STYLE = Automatic;
				CURRENT_PROJECT_VERSION = 1;
				DEVELOPMENT_ASSET_PATHS = "\"Flush/Preview Content\"";
				DEVELOPMENT_TEAM = 5WDN96EM72;
				ENABLE_PREVIEWS = YES;
				GENERATE_INFOPLIST_FILE = YES;
				INFOPLIST_KEY_UIApplicationSceneManifest_Generation = YES;
				INFOPLIST_KEY_UIApplicationSupportsIndirectInputEvents = YES;
				INFOPLIST_KEY_UILaunchScreen_Generation = YES;
				INFOPLIST_KEY_UISupportedInterfaceOrientations_iPad = "UIInterfaceOrientationPortrait UIInterfaceOrientationPortraitUpsideDown UIInterfaceOrientationLandscapeLeft UIInterfaceOrientationLandscapeRight";
				INFOPLIST_KEY_UISupportedInterfaceOrientations_iPhone = "UIInterfaceOrientationPortrait UIInterfaceOrientationLandscapeLeft UIInterfaceOrientationLandscapeRight";
				LD_RUNPATH_SEARCH_PATHS = (
					"$(inherited)",
					"@executable_path/Frameworks",
				);
				MARKETING_VERSION = 1.0;
				PRODUCT_BUNDLE_IDENTIFIER = com.flush.Flush;
				PRODUCT_NAME = "$(TARGET_NAME)";
				SUPPORTED_PLATFORMS = "iphoneos iphonesimulator";
				SUPPORTS_MACCATALYST = NO;
				SUPPORTS_MAC_DESIGNED_FOR_IPHONE_IPAD = NO;
				SWIFT_EMIT_LOC_STRINGS = YES;
				SWIFT_VERSION = 5.0;
				TARGETED_DEVICE_FAMILY = 1;
			};
			name = Debug;
		};
		470806B72B290821006F37E2 /* Release */ = {
			isa = XCBuildConfiguration;
			buildSettings = {
				ALWAYS_EMBED_SWIFT_STANDARD_LIBRARIES = YES;
				ASSETCATALOG_COMPILER_APPICON_NAME = AppIcon;
				ASSETCATALOG_COMPILER_GLOBAL_ACCENT_COLOR_NAME = AccentColor;
				CODE_SIGN_STYLE = Automatic;
				CURRENT_PROJECT_VERSION = 1;
				DEVELOPMENT_ASSET_PATHS = "\"Flush/Preview Content\"";
				DEVELOPMENT_TEAM = 5WDN96EM72;
				ENABLE_PREVIEWS = YES;
				GENERATE_INFOPLIST_FILE = YES;
				INFOPLIST_KEY_UIApplicationSceneManifest_Generation = YES;
				INFOPLIST_KEY_UIApplicationSupportsIndirectInputEvents = YES;
				INFOPLIST_KEY_UILaunchScreen_Generation = YES;
				INFOPLIST_KEY_UISupportedInterfaceOrientations_iPad = "UIInterfaceOrientationPortrait UIInterfaceOrientationPortraitUpsideDown UIInterfaceOrientationLandscapeLeft UIInterfaceOrientationLandscapeRight";
				INFOPLIST_KEY_UISupportedInterfaceOrientations_iPhone = "UIInterfaceOrientationPortrait UIInterfaceOrientationLandscapeLeft UIInterfaceOrientationLandscapeRight";
				LD_RUNPATH_SEARCH_PATHS = (
					"$(inherited)",
					"@executable_path/Frameworks",
				);
				MARKETING_VERSION = 1.0;
				PRODUCT_BUNDLE_IDENTIFIER = com.flush.Flush;
				PRODUCT_NAME = "$(TARGET_NAME)";
				SUPPORTED_PLATFORMS = "iphoneos iphonesimulator";
				SUPPORTS_MACCATALYST = NO;
				SUPPORTS_MAC_DESIGNED_FOR_IPHONE_IPAD = NO;
				SWIFT_EMIT_LOC_STRINGS = YES;
				SWIFT_VERSION = 5.0;
				TARGETED_DEVICE_FAMILY = 1;
			};
			name = Release;
		};
		470806B92B290821006F37E2 /* Debug */ = {
			isa = XCBuildConfiguration;
			buildSettings = {
				ALWAYS_EMBED_SWIFT_STANDARD_LIBRARIES = YES;
				BUNDLE_LOADER = "$(TEST_HOST)";
				CODE_SIGN_STYLE = Automatic;
				CURRENT_PROJECT_VERSION = 1;
				DEVELOPMENT_TEAM = 5WDN96EM72;
				GENERATE_INFOPLIST_FILE = YES;
				IPHONEOS_DEPLOYMENT_TARGET = 17.0;
				MARKETING_VERSION = 1.0;
				PRODUCT_BUNDLE_IDENTIFIER = com.flush.FlushTests;
				PRODUCT_NAME = "$(TARGET_NAME)";
				SUPPORTED_PLATFORMS = "iphoneos iphonesimulator";
				SUPPORTS_MACCATALYST = NO;
				SUPPORTS_MAC_DESIGNED_FOR_IPHONE_IPAD = NO;
				SWIFT_EMIT_LOC_STRINGS = NO;
				SWIFT_VERSION = 5.0;
				TARGETED_DEVICE_FAMILY = 1;
				TEST_HOST = "$(BUILT_PRODUCTS_DIR)/Flush.app/$(BUNDLE_EXECUTABLE_FOLDER_PATH)/Flush";
			};
			name = Debug;
		};
		470806BA2B290821006F37E2 /* Release */ = {
			isa = XCBuildConfiguration;
			buildSettings = {
				ALWAYS_EMBED_SWIFT_STANDARD_LIBRARIES = YES;
				BUNDLE_LOADER = "$(TEST_HOST)";
				CODE_SIGN_STYLE = Automatic;
				CURRENT_PROJECT_VERSION = 1;
				DEVELOPMENT_TEAM = 5WDN96EM72;
				GENERATE_INFOPLIST_FILE = YES;
				IPHONEOS_DEPLOYMENT_TARGET = 17.0;
				MARKETING_VERSION = 1.0;
				PRODUCT_BUNDLE_IDENTIFIER = com.flush.FlushTests;
				PRODUCT_NAME = "$(TARGET_NAME)";
				SUPPORTED_PLATFORMS = "iphoneos iphonesimulator";
				SUPPORTS_MACCATALYST = NO;
				SUPPORTS_MAC_DESIGNED_FOR_IPHONE_IPAD = NO;
				SWIFT_EMIT_LOC_STRINGS = NO;
				SWIFT_VERSION = 5.0;
				TARGETED_DEVICE_FAMILY = 1;
				TEST_HOST = "$(BUILT_PRODUCTS_DIR)/Flush.app/$(BUNDLE_EXECUTABLE_FOLDER_PATH)/Flush";
			};
			name = Release;
		};
		470806BC2B290821006F37E2 /* Debug */ = {
			isa = XCBuildConfiguration;
			buildSettings = {
				ALWAYS_EMBED_SWIFT_STANDARD_LIBRARIES = YES;
				CODE_SIGN_STYLE = Automatic;
				CURRENT_PROJECT_VERSION = 1;
				DEVELOPMENT_TEAM = 5WDN96EM72;
				GENERATE_INFOPLIST_FILE = YES;
				MARKETING_VERSION = 1.0;
				PRODUCT_BUNDLE_IDENTIFIER = com.flush.FlushUITests;
				PRODUCT_NAME = "$(TARGET_NAME)";
				SUPPORTED_PLATFORMS = "iphoneos iphonesimulator";
				SUPPORTS_MACCATALYST = NO;
				SUPPORTS_MAC_DESIGNED_FOR_IPHONE_IPAD = NO;
				SWIFT_EMIT_LOC_STRINGS = NO;
				SWIFT_VERSION = 5.0;
				TARGETED_DEVICE_FAMILY = 1;
				TEST_TARGET_NAME = Flush;
			};
			name = Debug;
		};
		470806BD2B290821006F37E2 /* Release */ = {
			isa = XCBuildConfiguration;
			buildSettings = {
				ALWAYS_EMBED_SWIFT_STANDARD_LIBRARIES = YES;
				CODE_SIGN_STYLE = Automatic;
				CURRENT_PROJECT_VERSION = 1;
				DEVELOPMENT_TEAM = 5WDN96EM72;
				GENERATE_INFOPLIST_FILE = YES;
				MARKETING_VERSION = 1.0;
				PRODUCT_BUNDLE_IDENTIFIER = com.flush.FlushUITests;
				PRODUCT_NAME = "$(TARGET_NAME)";
				SUPPORTED_PLATFORMS = "iphoneos iphonesimulator";
				SUPPORTS_MACCATALYST = NO;
				SUPPORTS_MAC_DESIGNED_FOR_IPHONE_IPAD = NO;
				SWIFT_EMIT_LOC_STRINGS = NO;
				SWIFT_VERSION = 5.0;
				TARGETED_DEVICE_FAMILY = 1;
				TEST_TARGET_NAME = Flush;
			};
			name = Release;
		};
		470806E82B290945006F37E2 /* Debug */ = {
			isa = XCBuildConfiguration;
			buildSettings = {
				ASSETCATALOG_COMPILER_APPICON_NAME = AppIcon;
				ASSETCATALOG_COMPILER_GLOBAL_ACCENT_COLOR_NAME = AccentColor;
				CODE_SIGN_STYLE = Automatic;
				CURRENT_PROJECT_VERSION = 1;
				DEVELOPMENT_ASSET_PATHS = "\"FlushWatch Watch App/Preview Content\"";
				DEVELOPMENT_TEAM = 5WDN96EM72;
				ENABLE_PREVIEWS = YES;
				GENERATE_INFOPLIST_FILE = YES;
				INFOPLIST_KEY_CFBundleDisplayName = FlushWatch;
				INFOPLIST_KEY_UISupportedInterfaceOrientations = "UIInterfaceOrientationPortrait UIInterfaceOrientationPortraitUpsideDown";
				INFOPLIST_KEY_WKCompanionAppBundleIdentifier = com.flush.Flush;
				LD_RUNPATH_SEARCH_PATHS = (
					"$(inherited)",
					"@executable_path/Frameworks",
				);
				MARKETING_VERSION = 1.0;
				PRODUCT_BUNDLE_IDENTIFIER = com.flush.Flush.watchkitapp;
				PRODUCT_NAME = "$(TARGET_NAME)";
				SDKROOT = watchos;
				SKIP_INSTALL = YES;
				SWIFT_EMIT_LOC_STRINGS = YES;
				SWIFT_VERSION = 5.0;
				TARGETED_DEVICE_FAMILY = 4;
				WATCHOS_DEPLOYMENT_TARGET = 10.0;
			};
			name = Debug;
		};
		470806E92B290945006F37E2 /* Release */ = {
			isa = XCBuildConfiguration;
			buildSettings = {
				ASSETCATALOG_COMPILER_APPICON_NAME = AppIcon;
				ASSETCATALOG_COMPILER_GLOBAL_ACCENT_COLOR_NAME = AccentColor;
				CODE_SIGN_STYLE = Automatic;
				CURRENT_PROJECT_VERSION = 1;
				DEVELOPMENT_ASSET_PATHS = "\"FlushWatch Watch App/Preview Content\"";
				DEVELOPMENT_TEAM = 5WDN96EM72;
				ENABLE_PREVIEWS = YES;
				GENERATE_INFOPLIST_FILE = YES;
				INFOPLIST_KEY_CFBundleDisplayName = FlushWatch;
				INFOPLIST_KEY_UISupportedInterfaceOrientations = "UIInterfaceOrientationPortrait UIInterfaceOrientationPortraitUpsideDown";
				INFOPLIST_KEY_WKCompanionAppBundleIdentifier = com.flush.Flush;
				LD_RUNPATH_SEARCH_PATHS = (
					"$(inherited)",
					"@executable_path/Frameworks",
				);
				MARKETING_VERSION = 1.0;
				PRODUCT_BUNDLE_IDENTIFIER = com.flush.Flush.watchkitapp;
				PRODUCT_NAME = "$(TARGET_NAME)";
				SDKROOT = watchos;
				SKIP_INSTALL = YES;
				SWIFT_EMIT_LOC_STRINGS = YES;
				SWIFT_VERSION = 5.0;
				TARGETED_DEVICE_FAMILY = 4;
				WATCHOS_DEPLOYMENT_TARGET = 10.0;
			};
			name = Release;
		};
		470806EC2B290945006F37E2 /* Debug */ = {
			isa = XCBuildConfiguration;
			buildSettings = {
				ALWAYS_EMBED_SWIFT_STANDARD_LIBRARIES = YES;
				BUNDLE_LOADER = "$(TEST_HOST)";
				CODE_SIGN_STYLE = Automatic;
				CURRENT_PROJECT_VERSION = 1;
				DEVELOPMENT_TEAM = 5WDN96EM72;
				GENERATE_INFOPLIST_FILE = YES;
				MARKETING_VERSION = 1.0;
				PRODUCT_BUNDLE_IDENTIFIER = "com.flush.FlushWatch-Watch-AppTests";
				PRODUCT_NAME = "$(TARGET_NAME)";
				SDKROOT = watchos;
				SWIFT_EMIT_LOC_STRINGS = NO;
				SWIFT_VERSION = 5.0;
				TARGETED_DEVICE_FAMILY = 4;
				TEST_HOST = "$(BUILT_PRODUCTS_DIR)/FlushWatch Watch App.app/$(BUNDLE_EXECUTABLE_FOLDER_PATH)/FlushWatch Watch App";
				WATCHOS_DEPLOYMENT_TARGET = 10.0;
			};
			name = Debug;
		};
		470806ED2B290945006F37E2 /* Release */ = {
			isa = XCBuildConfiguration;
			buildSettings = {
				ALWAYS_EMBED_SWIFT_STANDARD_LIBRARIES = YES;
				BUNDLE_LOADER = "$(TEST_HOST)";
				CODE_SIGN_STYLE = Automatic;
				CURRENT_PROJECT_VERSION = 1;
				DEVELOPMENT_TEAM = 5WDN96EM72;
				GENERATE_INFOPLIST_FILE = YES;
				MARKETING_VERSION = 1.0;
				PRODUCT_BUNDLE_IDENTIFIER = "com.flush.FlushWatch-Watch-AppTests";
				PRODUCT_NAME = "$(TARGET_NAME)";
				SDKROOT = watchos;
				SWIFT_EMIT_LOC_STRINGS = NO;
				SWIFT_VERSION = 5.0;
				TARGETED_DEVICE_FAMILY = 4;
				TEST_HOST = "$(BUILT_PRODUCTS_DIR)/FlushWatch Watch App.app/$(BUNDLE_EXECUTABLE_FOLDER_PATH)/FlushWatch Watch App";
				WATCHOS_DEPLOYMENT_TARGET = 10.0;
			};
			name = Release;
		};
		470806EF2B290945006F37E2 /* Debug */ = {
			isa = XCBuildConfiguration;
			buildSettings = {
				ALWAYS_EMBED_SWIFT_STANDARD_LIBRARIES = YES;
				CODE_SIGN_STYLE = Automatic;
				CURRENT_PROJECT_VERSION = 1;
				DEVELOPMENT_TEAM = 5WDN96EM72;
				GENERATE_INFOPLIST_FILE = YES;
				MARKETING_VERSION = 1.0;
				PRODUCT_BUNDLE_IDENTIFIER = "com.flush.FlushWatch-Watch-AppUITests";
				PRODUCT_NAME = "$(TARGET_NAME)";
				SDKROOT = watchos;
				SWIFT_EMIT_LOC_STRINGS = NO;
				SWIFT_VERSION = 5.0;
				TARGETED_DEVICE_FAMILY = 4;
				TEST_TARGET_NAME = "FlushWatch Watch App";
				WATCHOS_DEPLOYMENT_TARGET = 10.0;
			};
			name = Debug;
		};
		470806F02B290945006F37E2 /* Release */ = {
			isa = XCBuildConfiguration;
			buildSettings = {
				ALWAYS_EMBED_SWIFT_STANDARD_LIBRARIES = YES;
				CODE_SIGN_STYLE = Automatic;
				CURRENT_PROJECT_VERSION = 1;
				DEVELOPMENT_TEAM = 5WDN96EM72;
				GENERATE_INFOPLIST_FILE = YES;
				MARKETING_VERSION = 1.0;
				PRODUCT_BUNDLE_IDENTIFIER = "com.flush.FlushWatch-Watch-AppUITests";
				PRODUCT_NAME = "$(TARGET_NAME)";
				SDKROOT = watchos;
				SWIFT_EMIT_LOC_STRINGS = NO;
				SWIFT_VERSION = 5.0;
				TARGETED_DEVICE_FAMILY = 4;
				TEST_TARGET_NAME = "FlushWatch Watch App";
				WATCHOS_DEPLOYMENT_TARGET = 10.0;
			};
			name = Release;
		};
		4762532E2B8435DC0014D6C3 /* Debug */ = {
			isa = XCBuildConfiguration;
			buildSettings = {
				CODE_SIGN_IDENTITY = "Apple Development";
				CODE_SIGN_STYLE = Automatic;
				CURRENT_PROJECT_VERSION = 1;
				DEFINES_MODULE = YES;
				DEVELOPMENT_TEAM = 5WDN96EM72;
				DYLIB_COMPATIBILITY_VERSION = 1;
				DYLIB_CURRENT_VERSION = 1;
				DYLIB_INSTALL_NAME_BASE = "@rpath";
				ENABLE_MODULE_VERIFIER = YES;
				GENERATE_INFOPLIST_FILE = YES;
				INFOPLIST_KEY_NSHumanReadableCopyright = "";
				INSTALL_PATH = "$(LOCAL_LIBRARY_DIR)/Frameworks";
				LD_RUNPATH_SEARCH_PATHS = (
					"$(inherited)",
					"@executable_path/Frameworks",
					"@loader_path/Frameworks",
				);
				MARKETING_VERSION = 1.0;
				MODULE_VERIFIER_SUPPORTED_LANGUAGES = "objective-c objective-c++";
				MODULE_VERIFIER_SUPPORTED_LANGUAGE_STANDARDS = "gnu17 gnu++20";
				PRODUCT_BUNDLE_IDENTIFIER = com.flush.FlushUI;
				PRODUCT_NAME = "$(TARGET_NAME:c99extidentifier)";
				SDKROOT = watchos;
				SKIP_INSTALL = YES;
				SUPPORTED_PLATFORMS = "iphoneos iphonesimulator watchos watchsimulator";
				SUPPORTS_MACCATALYST = NO;
				SWIFT_EMIT_LOC_STRINGS = YES;
				SWIFT_VERSION = 5.0;
				TARGETED_DEVICE_FAMILY = "1,4";
				VERSIONING_SYSTEM = "apple-generic";
				VERSION_INFO_PREFIX = "";
				WATCHOS_DEPLOYMENT_TARGET = 10.0;
			};
			name = Debug;
		};
		4762532F2B8435DC0014D6C3 /* Release */ = {
			isa = XCBuildConfiguration;
			buildSettings = {
				CODE_SIGN_IDENTITY = "Apple Development";
				CODE_SIGN_STYLE = Automatic;
				CURRENT_PROJECT_VERSION = 1;
				DEFINES_MODULE = YES;
				DEVELOPMENT_TEAM = 5WDN96EM72;
				DYLIB_COMPATIBILITY_VERSION = 1;
				DYLIB_CURRENT_VERSION = 1;
				DYLIB_INSTALL_NAME_BASE = "@rpath";
				ENABLE_MODULE_VERIFIER = YES;
				GENERATE_INFOPLIST_FILE = YES;
				INFOPLIST_KEY_NSHumanReadableCopyright = "";
				INSTALL_PATH = "$(LOCAL_LIBRARY_DIR)/Frameworks";
				LD_RUNPATH_SEARCH_PATHS = (
					"$(inherited)",
					"@executable_path/Frameworks",
					"@loader_path/Frameworks",
				);
				MARKETING_VERSION = 1.0;
				MODULE_VERIFIER_SUPPORTED_LANGUAGES = "objective-c objective-c++";
				MODULE_VERIFIER_SUPPORTED_LANGUAGE_STANDARDS = "gnu17 gnu++20";
				PRODUCT_BUNDLE_IDENTIFIER = com.flush.FlushUI;
				PRODUCT_NAME = "$(TARGET_NAME:c99extidentifier)";
				SDKROOT = watchos;
				SKIP_INSTALL = YES;
				SUPPORTED_PLATFORMS = "iphoneos iphonesimulator watchos watchsimulator";
				SUPPORTS_MACCATALYST = NO;
				SWIFT_EMIT_LOC_STRINGS = YES;
				SWIFT_VERSION = 5.0;
				TARGETED_DEVICE_FAMILY = "1,4";
				VERSIONING_SYSTEM = "apple-generic";
				VERSION_INFO_PREFIX = "";
				WATCHOS_DEPLOYMENT_TARGET = 10.0;
			};
			name = Release;
		};
		476253312B8435DC0014D6C3 /* Debug */ = {
			isa = XCBuildConfiguration;
			buildSettings = {
				ALWAYS_EMBED_SWIFT_STANDARD_LIBRARIES = YES;
				CODE_SIGN_STYLE = Automatic;
				CURRENT_PROJECT_VERSION = 1;
				GENERATE_INFOPLIST_FILE = YES;
				MARKETING_VERSION = 1.0;
				PRODUCT_BUNDLE_IDENTIFIER = com.flush.FlushUITests;
				PRODUCT_NAME = "$(TARGET_NAME)";
				SDKROOT = watchos;
				SWIFT_EMIT_LOC_STRINGS = NO;
				SWIFT_VERSION = 5.0;
				TARGETED_DEVICE_FAMILY = 4;
				TEST_HOST = "$(BUILT_PRODUCTS_DIR)/FlushWatch Watch App.app/$(BUNDLE_EXECUTABLE_FOLDER_PATH)/FlushWatch Watch App";
				WATCHOS_DEPLOYMENT_TARGET = 10.0;
			};
			name = Debug;
		};
		476253322B8435DC0014D6C3 /* Release */ = {
			isa = XCBuildConfiguration;
			buildSettings = {
				ALWAYS_EMBED_SWIFT_STANDARD_LIBRARIES = YES;
				CODE_SIGN_STYLE = Automatic;
				CURRENT_PROJECT_VERSION = 1;
				GENERATE_INFOPLIST_FILE = YES;
				MARKETING_VERSION = 1.0;
				PRODUCT_BUNDLE_IDENTIFIER = com.flush.FlushUITests;
				PRODUCT_NAME = "$(TARGET_NAME)";
				SDKROOT = watchos;
				SWIFT_EMIT_LOC_STRINGS = NO;
				SWIFT_VERSION = 5.0;
				TARGETED_DEVICE_FAMILY = 4;
				TEST_HOST = "$(BUILT_PRODUCTS_DIR)/FlushWatch Watch App.app/$(BUNDLE_EXECUTABLE_FOLDER_PATH)/FlushWatch Watch App";
				WATCHOS_DEPLOYMENT_TARGET = 10.0;
			};
			name = Release;
		};
		4762534C2B84377D0014D6C3 /* Debug */ = {
			isa = XCBuildConfiguration;
			buildSettings = {
				CODE_SIGN_IDENTITY = "Apple Development";
				CODE_SIGN_STYLE = Automatic;
				CURRENT_PROJECT_VERSION = 1;
				DEFINES_MODULE = YES;
				DEVELOPMENT_TEAM = 5WDN96EM72;
				DYLIB_COMPATIBILITY_VERSION = 1;
				DYLIB_CURRENT_VERSION = 1;
				DYLIB_INSTALL_NAME_BASE = "@rpath";
				ENABLE_MODULE_VERIFIER = YES;
				GENERATE_INFOPLIST_FILE = YES;
				INFOPLIST_KEY_NSHumanReadableCopyright = "";
				INSTALL_PATH = "$(LOCAL_LIBRARY_DIR)/Frameworks";
				LD_RUNPATH_SEARCH_PATHS = (
					"$(inherited)",
					"@executable_path/Frameworks",
					"@loader_path/Frameworks",
				);
				MARKETING_VERSION = 1.0;
				MODULE_VERIFIER_SUPPORTED_LANGUAGES = "objective-c objective-c++";
				MODULE_VERIFIER_SUPPORTED_LANGUAGE_STANDARDS = "gnu17 gnu++20";
				PRODUCT_BUNDLE_IDENTIFIER = com.flush.FlushModel;
				PRODUCT_NAME = "$(TARGET_NAME:c99extidentifier)";
				SDKROOT = watchos;
				SKIP_INSTALL = YES;
				SUPPORTED_PLATFORMS = "iphoneos iphonesimulator watchos watchsimulator";
				SUPPORTS_MACCATALYST = NO;
				SWIFT_EMIT_LOC_STRINGS = YES;
				SWIFT_VERSION = 5.0;
				TARGETED_DEVICE_FAMILY = "1,4";
				VERSIONING_SYSTEM = "apple-generic";
				VERSION_INFO_PREFIX = "";
				WATCHOS_DEPLOYMENT_TARGET = 10.0;
			};
			name = Debug;
		};
		4762534D2B84377D0014D6C3 /* Release */ = {
			isa = XCBuildConfiguration;
			buildSettings = {
				CODE_SIGN_IDENTITY = "Apple Development";
				CODE_SIGN_STYLE = Automatic;
				CURRENT_PROJECT_VERSION = 1;
				DEFINES_MODULE = YES;
				DEVELOPMENT_TEAM = 5WDN96EM72;
				DYLIB_COMPATIBILITY_VERSION = 1;
				DYLIB_CURRENT_VERSION = 1;
				DYLIB_INSTALL_NAME_BASE = "@rpath";
				ENABLE_MODULE_VERIFIER = YES;
				GENERATE_INFOPLIST_FILE = YES;
				INFOPLIST_KEY_NSHumanReadableCopyright = "";
				INSTALL_PATH = "$(LOCAL_LIBRARY_DIR)/Frameworks";
				LD_RUNPATH_SEARCH_PATHS = (
					"$(inherited)",
					"@executable_path/Frameworks",
					"@loader_path/Frameworks",
				);
				MARKETING_VERSION = 1.0;
				MODULE_VERIFIER_SUPPORTED_LANGUAGES = "objective-c objective-c++";
				MODULE_VERIFIER_SUPPORTED_LANGUAGE_STANDARDS = "gnu17 gnu++20";
				PRODUCT_BUNDLE_IDENTIFIER = com.flush.FlushModel;
				PRODUCT_NAME = "$(TARGET_NAME:c99extidentifier)";
				SDKROOT = watchos;
				SKIP_INSTALL = YES;
				SUPPORTED_PLATFORMS = "iphoneos iphonesimulator watchos watchsimulator";
				SUPPORTS_MACCATALYST = NO;
				SWIFT_EMIT_LOC_STRINGS = YES;
				SWIFT_VERSION = 5.0;
				TARGETED_DEVICE_FAMILY = "1,4";
				VERSIONING_SYSTEM = "apple-generic";
				VERSION_INFO_PREFIX = "";
				WATCHOS_DEPLOYMENT_TARGET = 10.0;
			};
			name = Release;
		};
		4762534F2B84377D0014D6C3 /* Debug */ = {
			isa = XCBuildConfiguration;
			buildSettings = {
				ALWAYS_EMBED_SWIFT_STANDARD_LIBRARIES = YES;
				CODE_SIGN_STYLE = Automatic;
				CURRENT_PROJECT_VERSION = 1;
				GENERATE_INFOPLIST_FILE = YES;
				MARKETING_VERSION = 1.0;
				PRODUCT_BUNDLE_IDENTIFIER = com.flush.FlushModelTests;
				PRODUCT_NAME = "$(TARGET_NAME)";
				SDKROOT = watchos;
				SUPPORTED_PLATFORMS = "iphoneos iphonesimulator watchos watchsimulator";
				SUPPORTS_MACCATALYST = NO;
				SWIFT_EMIT_LOC_STRINGS = NO;
				SWIFT_VERSION = 5.0;
				TARGETED_DEVICE_FAMILY = "1,4";
				TEST_HOST = "$(BUILT_PRODUCTS_DIR)/FlushWatch Watch App.app/$(BUNDLE_EXECUTABLE_FOLDER_PATH)/FlushWatch Watch App";
				WATCHOS_DEPLOYMENT_TARGET = 10.0;
			};
			name = Debug;
		};
		476253502B84377D0014D6C3 /* Release */ = {
			isa = XCBuildConfiguration;
			buildSettings = {
				ALWAYS_EMBED_SWIFT_STANDARD_LIBRARIES = YES;
				CODE_SIGN_STYLE = Automatic;
				CURRENT_PROJECT_VERSION = 1;
				GENERATE_INFOPLIST_FILE = YES;
				MARKETING_VERSION = 1.0;
				PRODUCT_BUNDLE_IDENTIFIER = com.flush.FlushModelTests;
				PRODUCT_NAME = "$(TARGET_NAME)";
				SDKROOT = watchos;
				SUPPORTED_PLATFORMS = "iphoneos iphonesimulator watchos watchsimulator";
				SUPPORTS_MACCATALYST = NO;
				SWIFT_EMIT_LOC_STRINGS = NO;
				SWIFT_VERSION = 5.0;
				TARGETED_DEVICE_FAMILY = "1,4";
				TEST_HOST = "$(BUILT_PRODUCTS_DIR)/FlushWatch Watch App.app/$(BUNDLE_EXECUTABLE_FOLDER_PATH)/FlushWatch Watch App";
				WATCHOS_DEPLOYMENT_TARGET = 10.0;
			};
			name = Release;
		};
		476253722B85485A0014D6C3 /* Debug */ = {
			isa = XCBuildConfiguration;
			buildSettings = {
				CODE_SIGN_IDENTITY = "Apple Development";
				CODE_SIGN_STYLE = Automatic;
				CURRENT_PROJECT_VERSION = 1;
				DEFINES_MODULE = YES;
				DEVELOPMENT_TEAM = 5WDN96EM72;
				DYLIB_COMPATIBILITY_VERSION = 1;
				DYLIB_CURRENT_VERSION = 1;
				DYLIB_INSTALL_NAME_BASE = "@rpath";
				ENABLE_MODULE_VERIFIER = YES;
				GENERATE_INFOPLIST_FILE = YES;
				INFOPLIST_KEY_NSHumanReadableCopyright = "";
				INSTALL_PATH = "$(LOCAL_LIBRARY_DIR)/Frameworks";
				LD_RUNPATH_SEARCH_PATHS = (
					"$(inherited)",
					"@executable_path/Frameworks",
					"@loader_path/Frameworks",
				);
				MARKETING_VERSION = 1.0;
				MODULE_VERIFIER_SUPPORTED_LANGUAGES = "objective-c objective-c++";
				MODULE_VERIFIER_SUPPORTED_LANGUAGE_STANDARDS = "gnu17 gnu++20";
				PRODUCT_BUNDLE_IDENTIFIER = com.flush.RankRateService;
				PRODUCT_NAME = "$(TARGET_NAME:c99extidentifier)";
				SDKROOT = watchos;
				SKIP_INSTALL = YES;
				SUPPORTED_PLATFORMS = "iphoneos iphonesimulator watchos watchsimulator";
				SUPPORTS_MACCATALYST = NO;
				SWIFT_EMIT_LOC_STRINGS = YES;
				SWIFT_VERSION = 5.0;
				TARGETED_DEVICE_FAMILY = "1,4";
				VERSIONING_SYSTEM = "apple-generic";
				VERSION_INFO_PREFIX = "";
				WATCHOS_DEPLOYMENT_TARGET = 10.0;
			};
			name = Debug;
		};
		476253732B85485A0014D6C3 /* Release */ = {
			isa = XCBuildConfiguration;
			buildSettings = {
				CODE_SIGN_IDENTITY = "Apple Development";
				CODE_SIGN_STYLE = Automatic;
				CURRENT_PROJECT_VERSION = 1;
				DEFINES_MODULE = YES;
				DEVELOPMENT_TEAM = 5WDN96EM72;
				DYLIB_COMPATIBILITY_VERSION = 1;
				DYLIB_CURRENT_VERSION = 1;
				DYLIB_INSTALL_NAME_BASE = "@rpath";
				ENABLE_MODULE_VERIFIER = YES;
				GENERATE_INFOPLIST_FILE = YES;
				INFOPLIST_KEY_NSHumanReadableCopyright = "";
				INSTALL_PATH = "$(LOCAL_LIBRARY_DIR)/Frameworks";
				LD_RUNPATH_SEARCH_PATHS = (
					"$(inherited)",
					"@executable_path/Frameworks",
					"@loader_path/Frameworks",
				);
				MARKETING_VERSION = 1.0;
				MODULE_VERIFIER_SUPPORTED_LANGUAGES = "objective-c objective-c++";
				MODULE_VERIFIER_SUPPORTED_LANGUAGE_STANDARDS = "gnu17 gnu++20";
				PRODUCT_BUNDLE_IDENTIFIER = com.flush.RankRateService;
				PRODUCT_NAME = "$(TARGET_NAME:c99extidentifier)";
				SDKROOT = watchos;
				SKIP_INSTALL = YES;
				SUPPORTED_PLATFORMS = "iphoneos iphonesimulator watchos watchsimulator";
				SUPPORTS_MACCATALYST = NO;
				SWIFT_EMIT_LOC_STRINGS = YES;
				SWIFT_VERSION = 5.0;
				TARGETED_DEVICE_FAMILY = "1,4";
				VERSIONING_SYSTEM = "apple-generic";
				VERSION_INFO_PREFIX = "";
				WATCHOS_DEPLOYMENT_TARGET = 10.0;
			};
			name = Release;
		};
		476253752B85485A0014D6C3 /* Debug */ = {
			isa = XCBuildConfiguration;
			buildSettings = {
				ALWAYS_EMBED_SWIFT_STANDARD_LIBRARIES = YES;
				CODE_SIGN_STYLE = Automatic;
				CURRENT_PROJECT_VERSION = 1;
				GENERATE_INFOPLIST_FILE = YES;
				MARKETING_VERSION = 1.0;
				PRODUCT_BUNDLE_IDENTIFIER = com.flush.RankRateServiceTests;
				PRODUCT_NAME = "$(TARGET_NAME)";
				SDKROOT = watchos;
				SWIFT_EMIT_LOC_STRINGS = NO;
				SWIFT_VERSION = 5.0;
				TARGETED_DEVICE_FAMILY = 4;
				TEST_HOST = "$(BUILT_PRODUCTS_DIR)/FlushWatch Watch App.app/$(BUNDLE_EXECUTABLE_FOLDER_PATH)/FlushWatch Watch App";
				WATCHOS_DEPLOYMENT_TARGET = 10.0;
			};
			name = Debug;
		};
		476253762B85485A0014D6C3 /* Release */ = {
			isa = XCBuildConfiguration;
			buildSettings = {
				ALWAYS_EMBED_SWIFT_STANDARD_LIBRARIES = YES;
				CODE_SIGN_STYLE = Automatic;
				CURRENT_PROJECT_VERSION = 1;
				GENERATE_INFOPLIST_FILE = YES;
				MARKETING_VERSION = 1.0;
				PRODUCT_BUNDLE_IDENTIFIER = com.flush.RankRateServiceTests;
				PRODUCT_NAME = "$(TARGET_NAME)";
				SDKROOT = watchos;
				SWIFT_EMIT_LOC_STRINGS = NO;
				SWIFT_VERSION = 5.0;
				TARGETED_DEVICE_FAMILY = 4;
				TEST_HOST = "$(BUILT_PRODUCTS_DIR)/FlushWatch Watch App.app/$(BUNDLE_EXECUTABLE_FOLDER_PATH)/FlushWatch Watch App";
				WATCHOS_DEPLOYMENT_TARGET = 10.0;
			};
			name = Release;
		};
/* End XCBuildConfiguration section */

/* Begin XCConfigurationList section */
		4708068C2B290820006F37E2 /* Build configuration list for PBXProject "Flush" */ = {
			isa = XCConfigurationList;
			buildConfigurations = (
				470806B32B290821006F37E2 /* Debug */,
				470806B42B290821006F37E2 /* Release */,
			);
			defaultConfigurationIsVisible = 0;
			defaultConfigurationName = Release;
		};
		470806B52B290821006F37E2 /* Build configuration list for PBXNativeTarget "Flush" */ = {
			isa = XCConfigurationList;
			buildConfigurations = (
				470806B62B290821006F37E2 /* Debug */,
				470806B72B290821006F37E2 /* Release */,
			);
			defaultConfigurationIsVisible = 0;
			defaultConfigurationName = Release;
		};
		470806B82B290821006F37E2 /* Build configuration list for PBXNativeTarget "FlushTests" */ = {
			isa = XCConfigurationList;
			buildConfigurations = (
				470806B92B290821006F37E2 /* Debug */,
				470806BA2B290821006F37E2 /* Release */,
			);
			defaultConfigurationIsVisible = 0;
			defaultConfigurationName = Release;
		};
		470806BB2B290821006F37E2 /* Build configuration list for PBXNativeTarget "FlushUITests" */ = {
			isa = XCConfigurationList;
			buildConfigurations = (
				470806BC2B290821006F37E2 /* Debug */,
				470806BD2B290821006F37E2 /* Release */,
			);
			defaultConfigurationIsVisible = 0;
			defaultConfigurationName = Release;
		};
		470806E72B290945006F37E2 /* Build configuration list for PBXNativeTarget "FlushWatch Watch App" */ = {
			isa = XCConfigurationList;
			buildConfigurations = (
				470806E82B290945006F37E2 /* Debug */,
				470806E92B290945006F37E2 /* Release */,
			);
			defaultConfigurationIsVisible = 0;
			defaultConfigurationName = Release;
		};
		470806EB2B290945006F37E2 /* Build configuration list for PBXNativeTarget "FlushWatch Watch AppTests" */ = {
			isa = XCConfigurationList;
			buildConfigurations = (
				470806EC2B290945006F37E2 /* Debug */,
				470806ED2B290945006F37E2 /* Release */,
			);
			defaultConfigurationIsVisible = 0;
			defaultConfigurationName = Release;
		};
		470806EE2B290945006F37E2 /* Build configuration list for PBXNativeTarget "FlushWatch Watch AppUITests" */ = {
			isa = XCConfigurationList;
			buildConfigurations = (
				470806EF2B290945006F37E2 /* Debug */,
				470806F02B290945006F37E2 /* Release */,
			);
			defaultConfigurationIsVisible = 0;
			defaultConfigurationName = Release;
		};
		4762532D2B8435DC0014D6C3 /* Build configuration list for PBXNativeTarget "FlushUI" */ = {
			isa = XCConfigurationList;
			buildConfigurations = (
				4762532E2B8435DC0014D6C3 /* Debug */,
				4762532F2B8435DC0014D6C3 /* Release */,
			);
			defaultConfigurationIsVisible = 0;
			defaultConfigurationName = Release;
		};
		476253302B8435DC0014D6C3 /* Build configuration list for PBXNativeTarget "FlushUITests" */ = {
			isa = XCConfigurationList;
			buildConfigurations = (
				476253312B8435DC0014D6C3 /* Debug */,
				476253322B8435DC0014D6C3 /* Release */,
			);
			defaultConfigurationIsVisible = 0;
			defaultConfigurationName = Release;
		};
		4762534B2B84377D0014D6C3 /* Build configuration list for PBXNativeTarget "FlushModel" */ = {
			isa = XCConfigurationList;
			buildConfigurations = (
				4762534C2B84377D0014D6C3 /* Debug */,
				4762534D2B84377D0014D6C3 /* Release */,
			);
			defaultConfigurationIsVisible = 0;
			defaultConfigurationName = Release;
		};
		4762534E2B84377D0014D6C3 /* Build configuration list for PBXNativeTarget "FlushModelTests" */ = {
			isa = XCConfigurationList;
			buildConfigurations = (
				4762534F2B84377D0014D6C3 /* Debug */,
				476253502B84377D0014D6C3 /* Release */,
			);
			defaultConfigurationIsVisible = 0;
			defaultConfigurationName = Release;
		};
		476253712B85485A0014D6C3 /* Build configuration list for PBXNativeTarget "RankRateService" */ = {
			isa = XCConfigurationList;
			buildConfigurations = (
				476253722B85485A0014D6C3 /* Debug */,
				476253732B85485A0014D6C3 /* Release */,
			);
			defaultConfigurationIsVisible = 0;
			defaultConfigurationName = Release;
		};
		476253742B85485A0014D6C3 /* Build configuration list for PBXNativeTarget "RankRateServiceTests" */ = {
			isa = XCConfigurationList;
			buildConfigurations = (
				476253752B85485A0014D6C3 /* Debug */,
				476253762B85485A0014D6C3 /* Release */,
			);
			defaultConfigurationIsVisible = 0;
			defaultConfigurationName = Release;
		};
/* End XCConfigurationList section */

/* Begin XCRemoteSwiftPackageReference section */
		476253162B8434B90014D6C3 /* XCRemoteSwiftPackageReference "swift-composable-architecture" */ = {
			isa = XCRemoteSwiftPackageReference;
			repositoryURL = "https://github.com/pointfreeco/swift-composable-architecture";
			requirement = {
				kind = upToNextMajorVersion;
				minimumVersion = 1.8.2;
			};
		};
/* End XCRemoteSwiftPackageReference section */

/* Begin XCSwiftPackageProductDependency section */
		476253172B8434B90014D6C3 /* ComposableArchitecture */ = {
			isa = XCSwiftPackageProductDependency;
			package = 476253162B8434B90014D6C3 /* XCRemoteSwiftPackageReference "swift-composable-architecture" */;
			productName = ComposableArchitecture;
		};
/* End XCSwiftPackageProductDependency section */
	};
	rootObject = 470806892B290820006F37E2 /* Project object */;
}
